
Microsoft Visual Studio Solution File, Format Version 12.00
# Visual Studio Version 16
VisualStudioVersion = 16.0.30717.126
MinimumVisualStudioVersion = 10.0.40219.1
Project("{FAE04EC0-301F-11D3-BF4B-00C04F79EFBC}") = "AutomaticDispenserBugFix", "AutomaticDispenserBugFix\AutomaticDispenserBugFix.csproj", "{BD584047-3C90-4188-A791-496FDAA8626C}"
EndProject
Project("{FAE04EC0-301F-11D3-BF4B-00C04F79EFBC}") = "AutomaticDispenserOnlyTransferFromLowerPriority", "AutomaticDispenserOnlyTransferFromLowerPriority\AutomaticDispenserOnlyTransferFromLowerPriority.csproj", "{2A65BF0C-5307-4D84-B9DE-08A4B7421F1E}"
EndProject
Project("{FAE04EC0-301F-11D3-BF4B-00C04F79EFBC}") = "TweakedBiologicalCargoBay", "TweakedBiologicalCargoBay\TweakedBiologicalCargoBay.csproj", "{A4200811-8C17-4992-917C-EE5686FC203B}"
EndProject
Project("{FAE04EC0-301F-11D3-BF4B-00C04F79EFBC}") = "NoManualDelivery", "NoManualDelivery\NoManualDelivery.csproj", "{CF3BE59A-24B5-4233-85BC-9FBD17930B98}"
EndProject
Project("{FAE04EC0-301F-11D3-BF4B-00C04F79EFBC}") = "CarouselCentrifuge", "CarouselCentrifuge\CarouselCentrifuge.csproj", "{6AC50009-E4BB-40F1-9996-B965A9F5AB45}"
EndProject
Project("{FAE04EC0-301F-11D3-BF4B-00C04F79EFBC}") = "ButcherStation", "ButcherStation\ButcherStation.csproj", "{38B1CE90-937D-4FD2-BDDD-B143A5269BAC}"
EndProject
Project("{2150E333-8FDC-42A3-9474-1A3956D46DE8}") = "Solution Items", "Solution Items", "{477BAC88-9C78-4A44-956A-71F97CF313C4}"
	ProjectSection(SolutionItems) = preProject
		lib\BaseConfig.cs = lib\BaseConfig.cs
		lib\BaseOptions.cs = lib\BaseOptions.cs
		lib\EffectsExtensions.cs = lib\EffectsExtensions.cs
		lib\FXLoopAnim.cs = lib\FXLoopAnim.cs
		lib\Utils.cs = lib\Utils.cs
	EndProjectSection
EndProject
Project("{FAE04EC0-301F-11D3-BF4B-00C04F79EFBC}") = "OldLiquidReservoir", "OldLiquidReservoir\OldLiquidReservoir.csproj", "{A77DCECC-DFCE-42CE-AA1E-5B5B8362DC5B}"
EndProject
Project("{FAE04EC0-301F-11D3-BF4B-00C04F79EFBC}") = "AquaticFarm", "AquaticFarm\AquaticFarm.csproj", "{2DB6A376-EE5B-4492-B562-7F0FD7D6837A}"
EndProject
Project("{FAE04EC0-301F-11D3-BF4B-00C04F79EFBC}") = "Archaeologist", "Archaeologist\Archaeologist.csproj", "{901C7D96-27FB-4BBF-A3C0-6A668CE9F3F5}"
EndProject
Project("{FAE04EC0-301F-11D3-BF4B-00C04F79EFBC}") = "MoreTinkerablePlants", "MoreTinkerablePlants\MoreTinkerablePlants.csproj", "{D9C6A940-106C-42E4-BA4D-F3E92EFA5340}"
EndProject
Project("{FAE04EC0-301F-11D3-BF4B-00C04F79EFBC}") = "MechanicsStation", "MechanicsStation\MechanicsStation.csproj", "{9462C9FD-5EB3-4024-AF98-E2FEF20DF112}"
EndProject
Project("{FAE04EC0-301F-11D3-BF4B-00C04F79EFBC}") = "SeismicactiveGeology", "SeismicactiveGeology\SeismicactiveGeology.csproj", "{9C22DCFD-503D-473F-9C02-41AA644FB9D3}"
EndProject
Project("{FAE04EC0-301F-11D3-BF4B-00C04F79EFBC}") = "Test", "Test\Test.csproj", "{D612B1C9-03C9-4C88-8DAE-685101AEB198}"
EndProject
Project("{FAE04EC0-301F-11D3-BF4B-00C04F79EFBC}") = "SquirrelGenerator", "SquirrelGenerator\SquirrelGenerator.csproj", "{9EAF292A-4D91-44CC-A9BC-07E035BE2C44}"
EndProject
Project("{FAE04EC0-301F-11D3-BF4B-00C04F79EFBC}") = "FixedGenerator", "FixedGenerator\FixedGenerator.csproj", "{74BAF422-EC12-4714-9705-64ECD7501889}"
EndProject
Project("{FAE04EC0-301F-11D3-BF4B-00C04F79EFBC}") = "DeathReimagined", "DeathReimagined\DeathReimagined.csproj", "{97D0678D-AC07-472D-B1D4-C7BDA313F344}"
EndProject
Project("{FAE04EC0-301F-11D3-BF4B-00C04F79EFBC}") = "VaricolouredBalloons", "VaricolouredBalloons\VaricolouredBalloons.csproj", "{FE642F86-51F3-4961-A75C-025DEE5E0DD5}"
EndProject
Project("{FAE04EC0-301F-11D3-BF4B-00C04F79EFBC}") = "Smelter", "Smelter\Smelter.csproj", "{4CC54134-ECC9-48AD-9E11-A4B3187E3A55}"
EndProject
Project("{FAE04EC0-301F-11D3-BF4B-00C04F79EFBC}") = "MSBuildTasksHelper", "MSBuildTasksHelper\MSBuildTasksHelper.csproj", "{6B568584-6E83-486A-A278-E58271DCD8DA}"
EndProject
Global
	GlobalSection(SolutionConfigurationPlatforms) = preSolution
		Debug|Any CPU = Debug|Any CPU
		EXPANSION1|Any CPU = EXPANSION1|Any CPU
		Fake|Any CPU = Fake|Any CPU
		Release|Any CPU = Release|Any CPU
		VANILLA|Any CPU = VANILLA|Any CPU
	EndGlobalSection
	GlobalSection(ProjectConfigurationPlatforms) = postSolution
		{BD584047-3C90-4188-A791-496FDAA8626C}.Debug|Any CPU.ActiveCfg = Debug|Any CPU
		{BD584047-3C90-4188-A791-496FDAA8626C}.EXPANSION1|Any CPU.ActiveCfg = Fake|Any CPU
		{BD584047-3C90-4188-A791-496FDAA8626C}.Fake|Any CPU.ActiveCfg = Fake|Any CPU
		{BD584047-3C90-4188-A791-496FDAA8626C}.Fake|Any CPU.Build.0 = Fake|Any CPU
		{BD584047-3C90-4188-A791-496FDAA8626C}.Release|Any CPU.ActiveCfg = Release|Any CPU
		{BD584047-3C90-4188-A791-496FDAA8626C}.Release|Any CPU.Build.0 = Release|Any CPU
		{BD584047-3C90-4188-A791-496FDAA8626C}.VANILLA|Any CPU.ActiveCfg = Fake|Any CPU
		{2A65BF0C-5307-4D84-B9DE-08A4B7421F1E}.Debug|Any CPU.ActiveCfg = Debug|Any CPU
		{2A65BF0C-5307-4D84-B9DE-08A4B7421F1E}.EXPANSION1|Any CPU.ActiveCfg = Fake|Any CPU
		{2A65BF0C-5307-4D84-B9DE-08A4B7421F1E}.Fake|Any CPU.ActiveCfg = Fake|Any CPU
		{2A65BF0C-5307-4D84-B9DE-08A4B7421F1E}.Fake|Any CPU.Build.0 = Fake|Any CPU
		{2A65BF0C-5307-4D84-B9DE-08A4B7421F1E}.Release|Any CPU.ActiveCfg = Release|Any CPU
		{2A65BF0C-5307-4D84-B9DE-08A4B7421F1E}.Release|Any CPU.Build.0 = Release|Any CPU
		{2A65BF0C-5307-4D84-B9DE-08A4B7421F1E}.VANILLA|Any CPU.ActiveCfg = Fake|Any CPU
		{A4200811-8C17-4992-917C-EE5686FC203B}.Debug|Any CPU.ActiveCfg = Debug|Any CPU
		{A4200811-8C17-4992-917C-EE5686FC203B}.EXPANSION1|Any CPU.ActiveCfg = Fake|Any CPU
		{A4200811-8C17-4992-917C-EE5686FC203B}.Fake|Any CPU.ActiveCfg = Fake|Any CPU
		{A4200811-8C17-4992-917C-EE5686FC203B}.Fake|Any CPU.Build.0 = Fake|Any CPU
		{A4200811-8C17-4992-917C-EE5686FC203B}.Release|Any CPU.ActiveCfg = Fake|Any CPU
		{A4200811-8C17-4992-917C-EE5686FC203B}.VANILLA|Any CPU.ActiveCfg = VANILLA|Any CPU
		{A4200811-8C17-4992-917C-EE5686FC203B}.VANILLA|Any CPU.Build.0 = VANILLA|Any CPU
		{CF3BE59A-24B5-4233-85BC-9FBD17930B98}.Debug|Any CPU.ActiveCfg = Debug|Any CPU
		{CF3BE59A-24B5-4233-85BC-9FBD17930B98}.EXPANSION1|Any CPU.ActiveCfg = Fake|Any CPU
		{CF3BE59A-24B5-4233-85BC-9FBD17930B98}.Fake|Any CPU.ActiveCfg = Fake|Any CPU
		{CF3BE59A-24B5-4233-85BC-9FBD17930B98}.Fake|Any CPU.Build.0 = Fake|Any CPU
		{CF3BE59A-24B5-4233-85BC-9FBD17930B98}.Release|Any CPU.ActiveCfg = Release|Any CPU
		{CF3BE59A-24B5-4233-85BC-9FBD17930B98}.Release|Any CPU.Build.0 = Release|Any CPU
		{CF3BE59A-24B5-4233-85BC-9FBD17930B98}.VANILLA|Any CPU.ActiveCfg = Fake|Any CPU
		{6AC50009-E4BB-40F1-9996-B965A9F5AB45}.Debug|Any CPU.ActiveCfg = Debug|Any CPU
		{6AC50009-E4BB-40F1-9996-B965A9F5AB45}.EXPANSION1|Any CPU.ActiveCfg = EXPANSION1|Any CPU
		{6AC50009-E4BB-40F1-9996-B965A9F5AB45}.EXPANSION1|Any CPU.Build.0 = EXPANSION1|Any CPU
		{6AC50009-E4BB-40F1-9996-B965A9F5AB45}.Fake|Any CPU.ActiveCfg = Fake|Any CPU
		{6AC50009-E4BB-40F1-9996-B965A9F5AB45}.Fake|Any CPU.Build.0 = Fake|Any CPU
		{6AC50009-E4BB-40F1-9996-B965A9F5AB45}.Release|Any CPU.ActiveCfg = Fake|Any CPU
		{6AC50009-E4BB-40F1-9996-B965A9F5AB45}.VANILLA|Any CPU.ActiveCfg = VANILLA|Any CPU
		{6AC50009-E4BB-40F1-9996-B965A9F5AB45}.VANILLA|Any CPU.Build.0 = VANILLA|Any CPU
		{38B1CE90-937D-4FD2-BDDD-B143A5269BAC}.Debug|Any CPU.ActiveCfg = Debug|Any CPU
		{38B1CE90-937D-4FD2-BDDD-B143A5269BAC}.EXPANSION1|Any CPU.ActiveCfg = Fake|Any CPU
		{38B1CE90-937D-4FD2-BDDD-B143A5269BAC}.Fake|Any CPU.ActiveCfg = Fake|Any CPU
		{38B1CE90-937D-4FD2-BDDD-B143A5269BAC}.Fake|Any CPU.Build.0 = Fake|Any CPU
		{38B1CE90-937D-4FD2-BDDD-B143A5269BAC}.Release|Any CPU.ActiveCfg = Fake|Any CPU
		{38B1CE90-937D-4FD2-BDDD-B143A5269BAC}.VANILLA|Any CPU.ActiveCfg = Fake|Any CPU
		{A77DCECC-DFCE-42CE-AA1E-5B5B8362DC5B}.Debug|Any CPU.ActiveCfg = Debug|Any CPU
		{A77DCECC-DFCE-42CE-AA1E-5B5B8362DC5B}.EXPANSION1|Any CPU.ActiveCfg = Fake|Any CPU
		{A77DCECC-DFCE-42CE-AA1E-5B5B8362DC5B}.Fake|Any CPU.ActiveCfg = Fake|Any CPU
		{A77DCECC-DFCE-42CE-AA1E-5B5B8362DC5B}.Fake|Any CPU.Build.0 = Fake|Any CPU
		{A77DCECC-DFCE-42CE-AA1E-5B5B8362DC5B}.Release|Any CPU.ActiveCfg = Release|Any CPU
		{A77DCECC-DFCE-42CE-AA1E-5B5B8362DC5B}.Release|Any CPU.Build.0 = Release|Any CPU
		{A77DCECC-DFCE-42CE-AA1E-5B5B8362DC5B}.VANILLA|Any CPU.ActiveCfg = Fake|Any CPU
		{2DB6A376-EE5B-4492-B562-7F0FD7D6837A}.Debug|Any CPU.ActiveCfg = Debug|Any CPU
		{2DB6A376-EE5B-4492-B562-7F0FD7D6837A}.EXPANSION1|Any CPU.ActiveCfg = Fake|Any CPU
		{2DB6A376-EE5B-4492-B562-7F0FD7D6837A}.Fake|Any CPU.ActiveCfg = Fake|Any CPU
		{2DB6A376-EE5B-4492-B562-7F0FD7D6837A}.Fake|Any CPU.Build.0 = Fake|Any CPU
		{2DB6A376-EE5B-4492-B562-7F0FD7D6837A}.Release|Any CPU.ActiveCfg = Release|Any CPU
		{2DB6A376-EE5B-4492-B562-7F0FD7D6837A}.Release|Any CPU.Build.0 = Release|Any CPU
		{2DB6A376-EE5B-4492-B562-7F0FD7D6837A}.VANILLA|Any CPU.ActiveCfg = Fake|Any CPU
		{901C7D96-27FB-4BBF-A3C0-6A668CE9F3F5}.Debug|Any CPU.ActiveCfg = Debug|Any CPU
		{901C7D96-27FB-4BBF-A3C0-6A668CE9F3F5}.EXPANSION1|Any CPU.ActiveCfg = Fake|Any CPU
		{901C7D96-27FB-4BBF-A3C0-6A668CE9F3F5}.Fake|Any CPU.ActiveCfg = Fake|Any CPU
		{901C7D96-27FB-4BBF-A3C0-6A668CE9F3F5}.Fake|Any CPU.Build.0 = Fake|Any CPU
		{901C7D96-27FB-4BBF-A3C0-6A668CE9F3F5}.Release|Any CPU.ActiveCfg = Fake|Any CPU
		{901C7D96-27FB-4BBF-A3C0-6A668CE9F3F5}.VANILLA|Any CPU.ActiveCfg = VANILLA|Any CPU
		{901C7D96-27FB-4BBF-A3C0-6A668CE9F3F5}.VANILLA|Any CPU.Build.0 = VANILLA|Any CPU
		{D9C6A940-106C-42E4-BA4D-F3E92EFA5340}.Debug|Any CPU.ActiveCfg = Debug|Any CPU
		{D9C6A940-106C-42E4-BA4D-F3E92EFA5340}.EXPANSION1|Any CPU.ActiveCfg = EXPANSION1|Any CPU
		{D9C6A940-106C-42E4-BA4D-F3E92EFA5340}.EXPANSION1|Any CPU.Build.0 = EXPANSION1|Any CPU
		{D9C6A940-106C-42E4-BA4D-F3E92EFA5340}.Fake|Any CPU.ActiveCfg = Fake|Any CPU
		{D9C6A940-106C-42E4-BA4D-F3E92EFA5340}.Fake|Any CPU.Build.0 = Fake|Any CPU
		{D9C6A940-106C-42E4-BA4D-F3E92EFA5340}.Release|Any CPU.ActiveCfg = Fake|Any CPU
		{D9C6A940-106C-42E4-BA4D-F3E92EFA5340}.VANILLA|Any CPU.ActiveCfg = VANILLA|Any CPU
		{D9C6A940-106C-42E4-BA4D-F3E92EFA5340}.VANILLA|Any CPU.Build.0 = VANILLA|Any CPU
		{9462C9FD-5EB3-4024-AF98-E2FEF20DF112}.Debug|Any CPU.ActiveCfg = Debug|Any CPU
		{9462C9FD-5EB3-4024-AF98-E2FEF20DF112}.EXPANSION1|Any CPU.ActiveCfg = EXPANSION1|Any CPU
		{9462C9FD-5EB3-4024-AF98-E2FEF20DF112}.EXPANSION1|Any CPU.Build.0 = EXPANSION1|Any CPU
		{9462C9FD-5EB3-4024-AF98-E2FEF20DF112}.Fake|Any CPU.ActiveCfg = Fake|Any CPU
		{9462C9FD-5EB3-4024-AF98-E2FEF20DF112}.Fake|Any CPU.Build.0 = Fake|Any CPU
		{9462C9FD-5EB3-4024-AF98-E2FEF20DF112}.Release|Any CPU.ActiveCfg = Fake|Any CPU
		{9462C9FD-5EB3-4024-AF98-E2FEF20DF112}.VANILLA|Any CPU.ActiveCfg = VANILLA|Any CPU
		{9462C9FD-5EB3-4024-AF98-E2FEF20DF112}.VANILLA|Any CPU.Build.0 = VANILLA|Any CPU
		{9C22DCFD-503D-473F-9C02-41AA644FB9D3}.Debug|Any CPU.ActiveCfg = Debug|Any CPU
		{9C22DCFD-503D-473F-9C02-41AA644FB9D3}.EXPANSION1|Any CPU.ActiveCfg = Fake|Any CPU
		{9C22DCFD-503D-473F-9C02-41AA644FB9D3}.Fake|Any CPU.ActiveCfg = Fake|Any CPU
		{9C22DCFD-503D-473F-9C02-41AA644FB9D3}.Fake|Any CPU.Build.0 = Fake|Any CPU
		{9C22DCFD-503D-473F-9C02-41AA644FB9D3}.Release|Any CPU.ActiveCfg = Fake|Any CPU
		{9C22DCFD-503D-473F-9C02-41AA644FB9D3}.VANILLA|Any CPU.ActiveCfg = Fake|Any CPU
		{D612B1C9-03C9-4C88-8DAE-685101AEB198}.Debug|Any CPU.ActiveCfg = Debug|Any CPU
		{D612B1C9-03C9-4C88-8DAE-685101AEB198}.Debug|Any CPU.Build.0 = Debug|Any CPU
		{D612B1C9-03C9-4C88-8DAE-685101AEB198}.EXPANSION1|Any CPU.ActiveCfg = EXPANSION1|Any CPU
		{D612B1C9-03C9-4C88-8DAE-685101AEB198}.EXPANSION1|Any CPU.Build.0 = EXPANSION1|Any CPU
		{D612B1C9-03C9-4C88-8DAE-685101AEB198}.Fake|Any CPU.ActiveCfg = Fake|Any CPU
		{D612B1C9-03C9-4C88-8DAE-685101AEB198}.Fake|Any CPU.Build.0 = Fake|Any CPU
		{D612B1C9-03C9-4C88-8DAE-685101AEB198}.Release|Any CPU.ActiveCfg = Fake|Any CPU
		{D612B1C9-03C9-4C88-8DAE-685101AEB198}.VANILLA|Any CPU.ActiveCfg = VANILLA|Any CPU
		{D612B1C9-03C9-4C88-8DAE-685101AEB198}.VANILLA|Any CPU.Build.0 = VANILLA|Any CPU
		{9EAF292A-4D91-44CC-A9BC-07E035BE2C44}.Debug|Any CPU.ActiveCfg = Debug|Any CPU
		{9EAF292A-4D91-44CC-A9BC-07E035BE2C44}.EXPANSION1|Any CPU.ActiveCfg = EXPANSION1|Any CPU
		{9EAF292A-4D91-44CC-A9BC-07E035BE2C44}.EXPANSION1|Any CPU.Build.0 = EXPANSION1|Any CPU
		{9EAF292A-4D91-44CC-A9BC-07E035BE2C44}.Fake|Any CPU.ActiveCfg = Fake|Any CPU
		{9EAF292A-4D91-44CC-A9BC-07E035BE2C44}.Fake|Any CPU.Build.0 = Fake|Any CPU
		{9EAF292A-4D91-44CC-A9BC-07E035BE2C44}.Release|Any CPU.ActiveCfg = Fake|Any CPU
		{9EAF292A-4D91-44CC-A9BC-07E035BE2C44}.VANILLA|Any CPU.ActiveCfg = VANILLA|Any CPU
		{9EAF292A-4D91-44CC-A9BC-07E035BE2C44}.VANILLA|Any CPU.Build.0 = VANILLA|Any CPU
		{74BAF422-EC12-4714-9705-64ECD7501889}.Debug|Any CPU.ActiveCfg = Debug|Any CPU
		{74BAF422-EC12-4714-9705-64ECD7501889}.EXPANSION1|Any CPU.ActiveCfg = Fake|Any CPU
		{74BAF422-EC12-4714-9705-64ECD7501889}.Fake|Any CPU.ActiveCfg = Fake|Any CPU
		{74BAF422-EC12-4714-9705-64ECD7501889}.Fake|Any CPU.Build.0 = Fake|Any CPU
		{74BAF422-EC12-4714-9705-64ECD7501889}.Release|Any CPU.ActiveCfg = Fake|Any CPU
		{74BAF422-EC12-4714-9705-64ECD7501889}.VANILLA|Any CPU.ActiveCfg = Fake|Any CPU
		{97D0678D-AC07-472D-B1D4-C7BDA313F344}.Debug|Any CPU.ActiveCfg = Debug|Any CPU
		{97D0678D-AC07-472D-B1D4-C7BDA313F344}.EXPANSION1|Any CPU.ActiveCfg = Fake|Any CPU
		{97D0678D-AC07-472D-B1D4-C7BDA313F344}.Fake|Any CPU.ActiveCfg = Fake|Any CPU
		{97D0678D-AC07-472D-B1D4-C7BDA313F344}.Fake|Any CPU.Build.0 = Fake|Any CPU
		{97D0678D-AC07-472D-B1D4-C7BDA313F344}.Release|Any CPU.ActiveCfg = Fake|Any CPU
		{97D0678D-AC07-472D-B1D4-C7BDA313F344}.VANILLA|Any CPU.ActiveCfg = Fake|Any CPU
		{FE642F86-51F3-4961-A75C-025DEE5E0DD5}.Debug|Any CPU.ActiveCfg = Debug|Any CPU
		{FE642F86-51F3-4961-A75C-025DEE5E0DD5}.EXPANSION1|Any CPU.ActiveCfg = Fake|Any CPU
		{FE642F86-51F3-4961-A75C-025DEE5E0DD5}.Fake|Any CPU.ActiveCfg = Fake|Any CPU
		{FE642F86-51F3-4961-A75C-025DEE5E0DD5}.Fake|Any CPU.Build.0 = Fake|Any CPU
		{FE642F86-51F3-4961-A75C-025DEE5E0DD5}.Release|Any CPU.ActiveCfg = Release|Any CPU
		{FE642F86-51F3-4961-A75C-025DEE5E0DD5}.Release|Any CPU.Build.0 = Release|Any CPU
		{FE642F86-51F3-4961-A75C-025DEE5E0DD5}.VANILLA|Any CPU.ActiveCfg = Fake|Any CPU
		{4CC54134-ECC9-48AD-9E11-A4B3187E3A55}.Debug|Any CPU.ActiveCfg = Debug|Any CPU
		{4CC54134-ECC9-48AD-9E11-A4B3187E3A55}.EXPANSION1|Any CPU.ActiveCfg = EXPANSION1|Any CPU
		{4CC54134-ECC9-48AD-9E11-A4B3187E3A55}.EXPANSION1|Any CPU.Build.0 = EXPANSION1|Any CPU
		{4CC54134-ECC9-48AD-9E11-A4B3187E3A55}.Fake|Any CPU.ActiveCfg = Fake|Any CPU
		{4CC54134-ECC9-48AD-9E11-A4B3187E3A55}.Fake|Any CPU.Build.0 = Fake|Any CPU
		{4CC54134-ECC9-48AD-9E11-A4B3187E3A55}.Release|Any CPU.ActiveCfg = Fake|Any CPU
		{4CC54134-ECC9-48AD-9E11-A4B3187E3A55}.VANILLA|Any CPU.ActiveCfg = VANILLA|Any CPU
		{4CC54134-ECC9-48AD-9E11-A4B3187E3A55}.VANILLA|Any CPU.Build.0 = VANILLA|Any CPU
		{6B568584-6E83-486A-A278-E58271DCD8DA}.Debug|Any CPU.ActiveCfg = Release|Any CPU
		{6B568584-6E83-486A-A278-E58271DCD8DA}.EXPANSION1|Any CPU.ActiveCfg = Fake|Any CPU
		{6B568584-6E83-486A-A278-E58271DCD8DA}.Fake|Any CPU.ActiveCfg = Fake|Any CPU
		{6B568584-6E83-486A-A278-E58271DCD8DA}.Fake|Any CPU.Build.0 = Fake|Any CPU
		{6B568584-6E83-486A-A278-E58271DCD8DA}.Release|Any CPU.ActiveCfg = Release|Any CPU
		{6B568584-6E83-486A-A278-E58271DCD8DA}.Release|Any CPU.Build.0 = Release|Any CPU
		{6B568584-6E83-486A-A278-E58271DCD8DA}.VANILLA|Any CPU.ActiveCfg = Fake|Any CPU
	EndGlobalSection
	GlobalSection(SolutionProperties) = preSolution
		HideSolutionNode = FALSE
	EndGlobalSection
	GlobalSection(ExtensibilityGlobals) = postSolution
		SolutionGuid = {A9AF77B7-A9D8-4064-B1C4-0A424919BB45}
	EndGlobalSection
EndGlobal
