
Microsoft Visual Studio Solution File, Format Version 12.00
# Visual Studio Version 16
VisualStudioVersion = 16.0.30717.126
MinimumVisualStudioVersion = 10.0.40219.1
Project("{FAE04EC0-301F-11D3-BF4B-00C04F79EFBC}") = "AutomaticDispenserBugFix", "AutomaticDispenserBugFix\AutomaticDispenserBugFix.csproj", "{BD584047-3C90-4188-A791-496FDAA8626C}"
EndProject
Project("{FAE04EC0-301F-11D3-BF4B-00C04F79EFBC}") = "AutomaticDispenserOnlyTransferFromLowerPriority", "AutomaticDispenserOnlyTransferFromLowerPriority\AutomaticDispenserOnlyTransferFromLowerPriority.csproj", "{2A65BF0C-5307-4D84-B9DE-08A4B7421F1E}"
EndProject
Project("{FAE04EC0-301F-11D3-BF4B-00C04F79EFBC}") = "TweakedBiologicalCargoBay", "TweakedBiologicalCargoBay\TweakedBiologicalCargoBay.csproj", "{A4200811-8C17-4992-917C-EE5686FC203B}"
EndProject
Project("{FAE04EC0-301F-11D3-BF4B-00C04F79EFBC}") = "NoManualDelivery", "NoManualDelivery\NoManualDelivery.csproj", "{CF3BE59A-24B5-4233-85BC-9FBD17930B98}"
EndProject
Project("{FAE04EC0-301F-11D3-BF4B-00C04F79EFBC}") = "CarouselCentrifuge", "CarouselCentrifuge\CarouselCentrifuge.csproj", "{6AC50009-E4BB-40F1-9996-B965A9F5AB45}"
EndProject
Project("{FAE04EC0-301F-11D3-BF4B-00C04F79EFBC}") = "ButcherStation", "ButcherStation\ButcherStation.csproj", "{38B1CE90-937D-4FD2-BDDD-B143A5269BAC}"
EndProject
Project("{2150E333-8FDC-42A3-9474-1A3956D46DE8}") = "Solution Items", "Solution Items", "{477BAC88-9C78-4A44-956A-71F97CF313C4}"
	ProjectSection(SolutionItems) = preProject
		lib\BaseConfig.cs = lib\BaseConfig.cs
		lib\BaseOptions.cs = lib\BaseOptions.cs
		lib\DurabilityExtensions.cs = lib\DurabilityExtensions.cs
		lib\EffectsExtensions.cs = lib\EffectsExtensions.cs
		lib\FXLoopAnim.cs = lib\FXLoopAnim.cs
		lib\KAnimGroupManager.cs = lib\KAnimGroupManager.cs
		lib\ManualDeliveryKGPatch.cs = lib\ManualDeliveryKGPatch.cs
		lib\ModdedSpicesSerializationManager.cs = lib\ModdedSpicesSerializationManager.cs
		lib\MultiRoomTracker.cs = lib\MultiRoomTracker.cs
		lib\StorageDropper.cs = lib\StorageDropper.cs
		lib\TranspilerUtils.cs = lib\TranspilerUtils.cs
		lib\UI.cs = lib\UI.cs
		lib\Utils.cs = lib\Utils.cs
	EndProjectSection
EndProject
Project("{FAE04EC0-301F-11D3-BF4B-00C04F79EFBC}") = "OldLiquidReservoir", "OldLiquidReservoir\OldLiquidReservoir.csproj", "{A77DCECC-DFCE-42CE-AA1E-5B5B8362DC5B}"
EndProject
Project("{FAE04EC0-301F-11D3-BF4B-00C04F79EFBC}") = "AquaticFarm", "AquaticFarm\AquaticFarm.csproj", "{2DB6A376-EE5B-4492-B562-7F0FD7D6837A}"
EndProject
Project("{FAE04EC0-301F-11D3-BF4B-00C04F79EFBC}") = "Archaeologist", "Archaeologist\Archaeologist.csproj", "{901C7D96-27FB-4BBF-A3C0-6A668CE9F3F5}"
EndProject
Project("{FAE04EC0-301F-11D3-BF4B-00C04F79EFBC}") = "BetterPlantTending", "BetterPlantTending\BetterPlantTending.csproj", "{D9C6A940-106C-42E4-BA4D-F3E92EFA5340}"
EndProject
Project("{FAE04EC0-301F-11D3-BF4B-00C04F79EFBC}") = "MechanicsStation", "MechanicsStation\MechanicsStation.csproj", "{9462C9FD-5EB3-4024-AF98-E2FEF20DF112}"
EndProject
Project("{FAE04EC0-301F-11D3-BF4B-00C04F79EFBC}") = "Test", "Test\Test.csproj", "{D612B1C9-03C9-4C88-8DAE-685101AEB198}"
EndProject
Project("{FAE04EC0-301F-11D3-BF4B-00C04F79EFBC}") = "SquirrelGenerator", "SquirrelGenerator\SquirrelGenerator.csproj", "{9EAF292A-4D91-44CC-A9BC-07E035BE2C44}"
EndProject
Project("{FAE04EC0-301F-11D3-BF4B-00C04F79EFBC}") = "DeathReimagined", "DeathReimagined\DeathReimagined.csproj", "{97D0678D-AC07-472D-B1D4-C7BDA313F344}"
EndProject
Project("{FAE04EC0-301F-11D3-BF4B-00C04F79EFBC}") = "VaricolouredBalloons", "VaricolouredBalloons\VaricolouredBalloons.csproj", "{FE642F86-51F3-4961-A75C-025DEE5E0DD5}"
EndProject
Project("{FAE04EC0-301F-11D3-BF4B-00C04F79EFBC}") = "Smelter", "Smelter\Smelter.csproj", "{4CC54134-ECC9-48AD-9E11-A4B3187E3A55}"
EndProject
Project("{FAE04EC0-301F-11D3-BF4B-00C04F79EFBC}") = "MSBuildTasksHelper", "MSBuildTasksHelper\MSBuildTasksHelper.csproj", "{6B568584-6E83-486A-A278-E58271DCD8DA}"
EndProject
Project("{FAE04EC0-301F-11D3-BF4B-00C04F79EFBC}") = "HEPBridgeInsulationTile", "HEPBridgeInsulationTile\HEPBridgeInsulationTile.csproj", "{18F0CD86-A2D9-4E41-9509-95A6685F241C}"
EndProject
Project("{FAE04EC0-301F-11D3-BF4B-00C04F79EFBC}") = "ArtifactCarePackages", "ArtifactCarePackages\ArtifactCarePackages.csproj", "{20E68470-1CAA-413F-B69B-551D68D721FF}"
EndProject
Project("{FAE04EC0-301F-11D3-BF4B-00C04F79EFBC}") = "SandboxMutantPlant", "SandboxMutantPlant\SandboxMutantPlant.csproj", "{52BA699E-3223-48A5-8674-009EAF64D745}"
EndProject
Project("{FAE04EC0-301F-11D3-BF4B-00C04F79EFBC}") = "SuitRecharger", "SuitRecharger\SuitRecharger.csproj", "{023EA272-2876-4AA8-A58D-9F5C97109201}"
EndProject
Project("{FAE04EC0-301F-11D3-BF4B-00C04F79EFBC}") = "ReBuildableAETN", "ReBuildableAETN\ReBuildableAETN.csproj", "{CAD7AFEB-4A67-43BF-8A12-83236BBB719F}"
EndProject
Project("{FAE04EC0-301F-11D3-BF4B-00C04F79EFBC}") = "EatEveryDay", "EatEveryDay\EatEveryDay.csproj", "{D2F24263-EDE5-4FE4-BF79-AE6AA84ED46C}"
EndProject
Project("{FAE04EC0-301F-11D3-BF4B-00C04F79EFBC}") = "LargeTelescope", "LargeTelescope\LargeTelescope.csproj", "{04FB6DB1-8A5D-4540-B0B1-4809523DA53A}"
EndProject
Project("{FAE04EC0-301F-11D3-BF4B-00C04F79EFBC}") = "WhereMyLoot", "WhereMyLoot\WhereMyLoot.csproj", "{D6DF0AF3-27D7-4745-A30F-21F3FB707D4C}"
EndProject
Project("{FAE04EC0-301F-11D3-BF4B-00C04F79EFBC}") = "WornSuitDischarge", "WornSuitDischarge\WornSuitDischarge.csproj", "{66FFC1AB-8518-49EB-B485-D8A40888A0D8}"
EndProject
Project("{FAE04EC0-301F-11D3-BF4B-00C04F79EFBC}") = "BuildableGeneShuffler", "BuildableGeneShuffler\BuildableGeneShuffler.csproj", "{19EF2AF6-C054-4642-9405-0B3AD822F769}"
EndProject
Project("{FAE04EC0-301F-11D3-BF4B-00C04F79EFBC}") = "RoverRefueling", "RoverRefueling\RoverRefueling.csproj", "{816BC299-3C70-4E4E-8A2F-F6CE598ADB6E}"
EndProject
Project("{FAE04EC0-301F-11D3-BF4B-00C04F79EFBC}") = "Hydrocactus", "Hydrocactus\Hydrocactus.csproj", "{DA7CDB0A-612B-4996-82CF-2ADDD334C65D}"
EndProject
Project("{FAE04EC0-301F-11D3-BF4B-00C04F79EFBC}") = "CrabsProfit", "CrabsProfit\CrabsProfit.csproj", "{98A2F2D4-013C-46C3-8103-A9B745F53067}"
EndProject
Project("{FAE04EC0-301F-11D3-BF4B-00C04F79EFBC}") = "SmartLogicDoors", "SmartLogicDoors\SmartLogicDoors.csproj", "{99502226-3187-4B58-8FC4-76D6D3C2852A}"
EndProject
Project("{FAE04EC0-301F-11D3-BF4B-00C04F79EFBC}") = "AttributeRestrictions", "AttributeRestrictions\AttributeRestrictions.csproj", "{6A7810B6-49C7-4AEC-B970-D8D38FAF64CC}"
EndProject
Project("{FAE04EC0-301F-11D3-BF4B-00C04F79EFBC}") = "ExoticSpices", "ExoticSpices\ExoticSpices.csproj", "{DE6E8577-3795-4881-A825-33D19E835727}"
EndProject
Project("{FAE04EC0-301F-11D3-BF4B-00C04F79EFBC}") = "GraveyardKeeper", "GraveyardKeeper\GraveyardKeeper.csproj", "{84650BA3-870A-413A-84BD-789BB1FBA62B}"
EndProject
Global
	GlobalSection(SolutionConfigurationPlatforms) = preSolution
		Debug|MainlineSteam = Debug|MainlineSteam
		Debug|StableBackup = Debug|StableBackup
		Release|MainlineSteam = Release|MainlineSteam
		Release|StableBackup = Release|StableBackup
	EndGlobalSection
	GlobalSection(ProjectConfigurationPlatforms) = postSolution
		{BD584047-3C90-4188-A791-496FDAA8626C}.Debug|MainlineSteam.ActiveCfg = Debug|MainlineSteam
		{BD584047-3C90-4188-A791-496FDAA8626C}.Debug|MainlineSteam.Build.0 = Debug|MainlineSteam
		{BD584047-3C90-4188-A791-496FDAA8626C}.Debug|StableBackup.ActiveCfg = Debug|StableBackup
		{BD584047-3C90-4188-A791-496FDAA8626C}.Debug|StableBackup.Build.0 = Debug|StableBackup
		{BD584047-3C90-4188-A791-496FDAA8626C}.Release|MainlineSteam.ActiveCfg = Release|MainlineSteam
		{BD584047-3C90-4188-A791-496FDAA8626C}.Release|MainlineSteam.Build.0 = Release|MainlineSteam
		{BD584047-3C90-4188-A791-496FDAA8626C}.Release|StableBackup.ActiveCfg = Release|StableBackup
		{BD584047-3C90-4188-A791-496FDAA8626C}.Release|StableBackup.Build.0 = Release|StableBackup
		{2A65BF0C-5307-4D84-B9DE-08A4B7421F1E}.Debug|MainlineSteam.ActiveCfg = Debug|MainlineSteam
		{2A65BF0C-5307-4D84-B9DE-08A4B7421F1E}.Debug|MainlineSteam.Build.0 = Debug|MainlineSteam
		{2A65BF0C-5307-4D84-B9DE-08A4B7421F1E}.Debug|StableBackup.ActiveCfg = Debug|StableBackup
		{2A65BF0C-5307-4D84-B9DE-08A4B7421F1E}.Debug|StableBackup.Build.0 = Debug|StableBackup
		{2A65BF0C-5307-4D84-B9DE-08A4B7421F1E}.Release|MainlineSteam.ActiveCfg = Release|MainlineSteam
		{2A65BF0C-5307-4D84-B9DE-08A4B7421F1E}.Release|MainlineSteam.Build.0 = Release|MainlineSteam
		{2A65BF0C-5307-4D84-B9DE-08A4B7421F1E}.Release|StableBackup.ActiveCfg = Release|StableBackup
		{2A65BF0C-5307-4D84-B9DE-08A4B7421F1E}.Release|StableBackup.Build.0 = Release|StableBackup
		{A4200811-8C17-4992-917C-EE5686FC203B}.Debug|MainlineSteam.ActiveCfg = Debug|MainlineSteam
		{A4200811-8C17-4992-917C-EE5686FC203B}.Debug|MainlineSteam.Build.0 = Debug|MainlineSteam
		{A4200811-8C17-4992-917C-EE5686FC203B}.Debug|StableBackup.ActiveCfg = Debug|StableBackup
		{A4200811-8C17-4992-917C-EE5686FC203B}.Debug|StableBackup.Build.0 = Debug|StableBackup
		{A4200811-8C17-4992-917C-EE5686FC203B}.Release|MainlineSteam.ActiveCfg = Release|MainlineSteam
		{A4200811-8C17-4992-917C-EE5686FC203B}.Release|MainlineSteam.Build.0 = Release|MainlineSteam
		{A4200811-8C17-4992-917C-EE5686FC203B}.Release|StableBackup.ActiveCfg = Release|StableBackup
		{A4200811-8C17-4992-917C-EE5686FC203B}.Release|StableBackup.Build.0 = Release|StableBackup
		{CF3BE59A-24B5-4233-85BC-9FBD17930B98}.Debug|MainlineSteam.ActiveCfg = Debug|MainlineSteam
		{CF3BE59A-24B5-4233-85BC-9FBD17930B98}.Debug|MainlineSteam.Build.0 = Debug|MainlineSteam
		{CF3BE59A-24B5-4233-85BC-9FBD17930B98}.Debug|StableBackup.ActiveCfg = Debug|StableBackup
		{CF3BE59A-24B5-4233-85BC-9FBD17930B98}.Debug|StableBackup.Build.0 = Debug|StableBackup
		{CF3BE59A-24B5-4233-85BC-9FBD17930B98}.Release|MainlineSteam.ActiveCfg = Release|MainlineSteam
		{CF3BE59A-24B5-4233-85BC-9FBD17930B98}.Release|MainlineSteam.Build.0 = Release|MainlineSteam
		{CF3BE59A-24B5-4233-85BC-9FBD17930B98}.Release|StableBackup.ActiveCfg = Release|StableBackup
		{CF3BE59A-24B5-4233-85BC-9FBD17930B98}.Release|StableBackup.Build.0 = Release|StableBackup
		{6AC50009-E4BB-40F1-9996-B965A9F5AB45}.Debug|MainlineSteam.ActiveCfg = Debug|MainlineSteam
		{6AC50009-E4BB-40F1-9996-B965A9F5AB45}.Debug|MainlineSteam.Build.0 = Debug|MainlineSteam
		{6AC50009-E4BB-40F1-9996-B965A9F5AB45}.Debug|StableBackup.ActiveCfg = Debug|StableBackup
		{6AC50009-E4BB-40F1-9996-B965A9F5AB45}.Debug|StableBackup.Build.0 = Debug|StableBackup
		{6AC50009-E4BB-40F1-9996-B965A9F5AB45}.Release|MainlineSteam.ActiveCfg = Release|MainlineSteam
		{6AC50009-E4BB-40F1-9996-B965A9F5AB45}.Release|MainlineSteam.Build.0 = Release|MainlineSteam
		{6AC50009-E4BB-40F1-9996-B965A9F5AB45}.Release|StableBackup.ActiveCfg = Release|StableBackup
		{6AC50009-E4BB-40F1-9996-B965A9F5AB45}.Release|StableBackup.Build.0 = Release|StableBackup
		{38B1CE90-937D-4FD2-BDDD-B143A5269BAC}.Debug|MainlineSteam.ActiveCfg = Debug|MainlineSteam
		{38B1CE90-937D-4FD2-BDDD-B143A5269BAC}.Debug|MainlineSteam.Build.0 = Debug|MainlineSteam
		{38B1CE90-937D-4FD2-BDDD-B143A5269BAC}.Debug|StableBackup.ActiveCfg = Debug|StableBackup
		{38B1CE90-937D-4FD2-BDDD-B143A5269BAC}.Debug|StableBackup.Build.0 = Debug|StableBackup
		{38B1CE90-937D-4FD2-BDDD-B143A5269BAC}.Release|MainlineSteam.ActiveCfg = Release|MainlineSteam
		{38B1CE90-937D-4FD2-BDDD-B143A5269BAC}.Release|MainlineSteam.Build.0 = Release|MainlineSteam
		{38B1CE90-937D-4FD2-BDDD-B143A5269BAC}.Release|StableBackup.ActiveCfg = Release|StableBackup
		{38B1CE90-937D-4FD2-BDDD-B143A5269BAC}.Release|StableBackup.Build.0 = Release|StableBackup
		{A77DCECC-DFCE-42CE-AA1E-5B5B8362DC5B}.Debug|MainlineSteam.ActiveCfg = Debug|MainlineSteam
		{A77DCECC-DFCE-42CE-AA1E-5B5B8362DC5B}.Debug|MainlineSteam.Build.0 = Debug|MainlineSteam
		{A77DCECC-DFCE-42CE-AA1E-5B5B8362DC5B}.Debug|StableBackup.ActiveCfg = Debug|StableBackup
		{A77DCECC-DFCE-42CE-AA1E-5B5B8362DC5B}.Debug|StableBackup.Build.0 = Debug|StableBackup
		{A77DCECC-DFCE-42CE-AA1E-5B5B8362DC5B}.Release|MainlineSteam.ActiveCfg = Release|MainlineSteam
		{A77DCECC-DFCE-42CE-AA1E-5B5B8362DC5B}.Release|MainlineSteam.Build.0 = Release|MainlineSteam
		{A77DCECC-DFCE-42CE-AA1E-5B5B8362DC5B}.Release|StableBackup.ActiveCfg = Release|StableBackup
		{A77DCECC-DFCE-42CE-AA1E-5B5B8362DC5B}.Release|StableBackup.Build.0 = Release|StableBackup
		{2DB6A376-EE5B-4492-B562-7F0FD7D6837A}.Debug|MainlineSteam.ActiveCfg = Debug|MainlineSteam
		{2DB6A376-EE5B-4492-B562-7F0FD7D6837A}.Debug|MainlineSteam.Build.0 = Debug|MainlineSteam
		{2DB6A376-EE5B-4492-B562-7F0FD7D6837A}.Debug|StableBackup.ActiveCfg = Debug|StableBackup
		{2DB6A376-EE5B-4492-B562-7F0FD7D6837A}.Debug|StableBackup.Build.0 = Debug|StableBackup
		{2DB6A376-EE5B-4492-B562-7F0FD7D6837A}.Release|MainlineSteam.ActiveCfg = Release|MainlineSteam
		{2DB6A376-EE5B-4492-B562-7F0FD7D6837A}.Release|MainlineSteam.Build.0 = Release|MainlineSteam
		{2DB6A376-EE5B-4492-B562-7F0FD7D6837A}.Release|StableBackup.ActiveCfg = Release|StableBackup
		{2DB6A376-EE5B-4492-B562-7F0FD7D6837A}.Release|StableBackup.Build.0 = Release|StableBackup
		{901C7D96-27FB-4BBF-A3C0-6A668CE9F3F5}.Debug|MainlineSteam.ActiveCfg = Debug|MainlineSteam
		{901C7D96-27FB-4BBF-A3C0-6A668CE9F3F5}.Debug|MainlineSteam.Build.0 = Debug|MainlineSteam
		{901C7D96-27FB-4BBF-A3C0-6A668CE9F3F5}.Debug|StableBackup.ActiveCfg = Debug|StableBackup
		{901C7D96-27FB-4BBF-A3C0-6A668CE9F3F5}.Debug|StableBackup.Build.0 = Debug|StableBackup
		{901C7D96-27FB-4BBF-A3C0-6A668CE9F3F5}.Release|MainlineSteam.ActiveCfg = Release|MainlineSteam
		{901C7D96-27FB-4BBF-A3C0-6A668CE9F3F5}.Release|MainlineSteam.Build.0 = Release|MainlineSteam
		{901C7D96-27FB-4BBF-A3C0-6A668CE9F3F5}.Release|StableBackup.ActiveCfg = Release|StableBackup
		{901C7D96-27FB-4BBF-A3C0-6A668CE9F3F5}.Release|StableBackup.Build.0 = Release|StableBackup
		{D9C6A940-106C-42E4-BA4D-F3E92EFA5340}.Debug|MainlineSteam.ActiveCfg = Debug|MainlineSteam
		{D9C6A940-106C-42E4-BA4D-F3E92EFA5340}.Debug|MainlineSteam.Build.0 = Debug|MainlineSteam
		{D9C6A940-106C-42E4-BA4D-F3E92EFA5340}.Debug|StableBackup.ActiveCfg = Debug|StableBackup
		{D9C6A940-106C-42E4-BA4D-F3E92EFA5340}.Debug|StableBackup.Build.0 = Debug|StableBackup
		{D9C6A940-106C-42E4-BA4D-F3E92EFA5340}.Release|MainlineSteam.ActiveCfg = Release|MainlineSteam
		{D9C6A940-106C-42E4-BA4D-F3E92EFA5340}.Release|MainlineSteam.Build.0 = Release|MainlineSteam
		{D9C6A940-106C-42E4-BA4D-F3E92EFA5340}.Release|StableBackup.ActiveCfg = Release|StableBackup
		{D9C6A940-106C-42E4-BA4D-F3E92EFA5340}.Release|StableBackup.Build.0 = Release|StableBackup
		{9462C9FD-5EB3-4024-AF98-E2FEF20DF112}.Debug|MainlineSteam.ActiveCfg = Debug|MainlineSteam
		{9462C9FD-5EB3-4024-AF98-E2FEF20DF112}.Debug|MainlineSteam.Build.0 = Debug|MainlineSteam
		{9462C9FD-5EB3-4024-AF98-E2FEF20DF112}.Debug|StableBackup.ActiveCfg = Debug|StableBackup
		{9462C9FD-5EB3-4024-AF98-E2FEF20DF112}.Debug|StableBackup.Build.0 = Debug|StableBackup
		{9462C9FD-5EB3-4024-AF98-E2FEF20DF112}.Release|MainlineSteam.ActiveCfg = Release|MainlineSteam
		{9462C9FD-5EB3-4024-AF98-E2FEF20DF112}.Release|MainlineSteam.Build.0 = Release|MainlineSteam
		{9462C9FD-5EB3-4024-AF98-E2FEF20DF112}.Release|StableBackup.ActiveCfg = Release|StableBackup
		{9462C9FD-5EB3-4024-AF98-E2FEF20DF112}.Release|StableBackup.Build.0 = Release|StableBackup
		{D612B1C9-03C9-4C88-8DAE-685101AEB198}.Debug|MainlineSteam.ActiveCfg = Debug|MainlineSteam
		{D612B1C9-03C9-4C88-8DAE-685101AEB198}.Debug|MainlineSteam.Build.0 = Debug|MainlineSteam
		{D612B1C9-03C9-4C88-8DAE-685101AEB198}.Debug|StableBackup.ActiveCfg = Debug|StableBackup
		{D612B1C9-03C9-4C88-8DAE-685101AEB198}.Debug|StableBackup.Build.0 = Debug|StableBackup
		{D612B1C9-03C9-4C88-8DAE-685101AEB198}.Release|MainlineSteam.ActiveCfg = Release|MainlineSteam
		{D612B1C9-03C9-4C88-8DAE-685101AEB198}.Release|MainlineSteam.Build.0 = Release|MainlineSteam
		{D612B1C9-03C9-4C88-8DAE-685101AEB198}.Release|StableBackup.ActiveCfg = Release|StableBackup
		{D612B1C9-03C9-4C88-8DAE-685101AEB198}.Release|StableBackup.Build.0 = Release|StableBackup
		{9EAF292A-4D91-44CC-A9BC-07E035BE2C44}.Debug|MainlineSteam.ActiveCfg = Debug|MainlineSteam
		{9EAF292A-4D91-44CC-A9BC-07E035BE2C44}.Debug|MainlineSteam.Build.0 = Debug|MainlineSteam
		{9EAF292A-4D91-44CC-A9BC-07E035BE2C44}.Debug|StableBackup.ActiveCfg = Debug|StableBackup
		{9EAF292A-4D91-44CC-A9BC-07E035BE2C44}.Debug|StableBackup.Build.0 = Debug|StableBackup
		{9EAF292A-4D91-44CC-A9BC-07E035BE2C44}.Release|MainlineSteam.ActiveCfg = Release|MainlineSteam
		{9EAF292A-4D91-44CC-A9BC-07E035BE2C44}.Release|MainlineSteam.Build.0 = Release|MainlineSteam
		{9EAF292A-4D91-44CC-A9BC-07E035BE2C44}.Release|StableBackup.ActiveCfg = Release|StableBackup
		{9EAF292A-4D91-44CC-A9BC-07E035BE2C44}.Release|StableBackup.Build.0 = Release|StableBackup
		{97D0678D-AC07-472D-B1D4-C7BDA313F344}.Debug|MainlineSteam.ActiveCfg = Debug|MainlineSteam
		{97D0678D-AC07-472D-B1D4-C7BDA313F344}.Debug|MainlineSteam.Build.0 = Debug|MainlineSteam
		{97D0678D-AC07-472D-B1D4-C7BDA313F344}.Debug|StableBackup.ActiveCfg = Debug|StableBackup
		{97D0678D-AC07-472D-B1D4-C7BDA313F344}.Debug|StableBackup.Build.0 = Debug|StableBackup
		{97D0678D-AC07-472D-B1D4-C7BDA313F344}.Release|MainlineSteam.ActiveCfg = Release|MainlineSteam
		{97D0678D-AC07-472D-B1D4-C7BDA313F344}.Release|MainlineSteam.Build.0 = Release|MainlineSteam
		{97D0678D-AC07-472D-B1D4-C7BDA313F344}.Release|StableBackup.ActiveCfg = Release|StableBackup
		{97D0678D-AC07-472D-B1D4-C7BDA313F344}.Release|StableBackup.Build.0 = Release|StableBackup
		{FE642F86-51F3-4961-A75C-025DEE5E0DD5}.Debug|MainlineSteam.ActiveCfg = Debug|MainlineSteam
		{FE642F86-51F3-4961-A75C-025DEE5E0DD5}.Debug|MainlineSteam.Build.0 = Debug|MainlineSteam
		{FE642F86-51F3-4961-A75C-025DEE5E0DD5}.Debug|StableBackup.ActiveCfg = Debug|StableBackup
		{FE642F86-51F3-4961-A75C-025DEE5E0DD5}.Debug|StableBackup.Build.0 = Debug|StableBackup
		{FE642F86-51F3-4961-A75C-025DEE5E0DD5}.Release|MainlineSteam.ActiveCfg = Release|MainlineSteam
		{FE642F86-51F3-4961-A75C-025DEE5E0DD5}.Release|MainlineSteam.Build.0 = Release|MainlineSteam
		{FE642F86-51F3-4961-A75C-025DEE5E0DD5}.Release|StableBackup.ActiveCfg = Release|StableBackup
		{FE642F86-51F3-4961-A75C-025DEE5E0DD5}.Release|StableBackup.Build.0 = Release|StableBackup
		{4CC54134-ECC9-48AD-9E11-A4B3187E3A55}.Debug|MainlineSteam.ActiveCfg = Debug|MainlineSteam
		{4CC54134-ECC9-48AD-9E11-A4B3187E3A55}.Debug|MainlineSteam.Build.0 = Debug|MainlineSteam
		{4CC54134-ECC9-48AD-9E11-A4B3187E3A55}.Debug|StableBackup.ActiveCfg = Debug|StableBackup
		{4CC54134-ECC9-48AD-9E11-A4B3187E3A55}.Debug|StableBackup.Build.0 = Debug|StableBackup
		{4CC54134-ECC9-48AD-9E11-A4B3187E3A55}.Release|MainlineSteam.ActiveCfg = Release|MainlineSteam
		{4CC54134-ECC9-48AD-9E11-A4B3187E3A55}.Release|MainlineSteam.Build.0 = Release|MainlineSteam
		{4CC54134-ECC9-48AD-9E11-A4B3187E3A55}.Release|StableBackup.ActiveCfg = Release|StableBackup
		{4CC54134-ECC9-48AD-9E11-A4B3187E3A55}.Release|StableBackup.Build.0 = Release|StableBackup
		{6B568584-6E83-486A-A278-E58271DCD8DA}.Debug|MainlineSteam.ActiveCfg = Debug|MainlineSteam
		{6B568584-6E83-486A-A278-E58271DCD8DA}.Debug|MainlineSteam.Build.0 = Debug|MainlineSteam
		{6B568584-6E83-486A-A278-E58271DCD8DA}.Debug|StableBackup.ActiveCfg = Debug|StableBackup
		{6B568584-6E83-486A-A278-E58271DCD8DA}.Debug|StableBackup.Build.0 = Debug|StableBackup
		{6B568584-6E83-486A-A278-E58271DCD8DA}.Release|MainlineSteam.ActiveCfg = Release|MainlineSteam
		{6B568584-6E83-486A-A278-E58271DCD8DA}.Release|MainlineSteam.Build.0 = Release|MainlineSteam
		{6B568584-6E83-486A-A278-E58271DCD8DA}.Release|StableBackup.ActiveCfg = Release|StableBackup
		{6B568584-6E83-486A-A278-E58271DCD8DA}.Release|StableBackup.Build.0 = Release|StableBackup
		{18F0CD86-A2D9-4E41-9509-95A6685F241C}.Debug|MainlineSteam.ActiveCfg = Debug|MainlineSteam
		{18F0CD86-A2D9-4E41-9509-95A6685F241C}.Debug|MainlineSteam.Build.0 = Debug|MainlineSteam
		{18F0CD86-A2D9-4E41-9509-95A6685F241C}.Debug|StableBackup.ActiveCfg = Debug|StableBackup
		{18F0CD86-A2D9-4E41-9509-95A6685F241C}.Debug|StableBackup.Build.0 = Debug|StableBackup
		{18F0CD86-A2D9-4E41-9509-95A6685F241C}.Release|MainlineSteam.ActiveCfg = Release|MainlineSteam
		{18F0CD86-A2D9-4E41-9509-95A6685F241C}.Release|MainlineSteam.Build.0 = Release|MainlineSteam
		{18F0CD86-A2D9-4E41-9509-95A6685F241C}.Release|StableBackup.ActiveCfg = Release|StableBackup
		{18F0CD86-A2D9-4E41-9509-95A6685F241C}.Release|StableBackup.Build.0 = Release|StableBackup
		{20E68470-1CAA-413F-B69B-551D68D721FF}.Debug|MainlineSteam.ActiveCfg = Debug|MainlineSteam
		{20E68470-1CAA-413F-B69B-551D68D721FF}.Debug|MainlineSteam.Build.0 = Debug|MainlineSteam
		{20E68470-1CAA-413F-B69B-551D68D721FF}.Debug|StableBackup.ActiveCfg = Debug|StableBackup
		{20E68470-1CAA-413F-B69B-551D68D721FF}.Debug|StableBackup.Build.0 = Debug|StableBackup
		{20E68470-1CAA-413F-B69B-551D68D721FF}.Release|MainlineSteam.ActiveCfg = Release|MainlineSteam
		{20E68470-1CAA-413F-B69B-551D68D721FF}.Release|MainlineSteam.Build.0 = Release|MainlineSteam
		{20E68470-1CAA-413F-B69B-551D68D721FF}.Release|StableBackup.ActiveCfg = Release|StableBackup
		{20E68470-1CAA-413F-B69B-551D68D721FF}.Release|StableBackup.Build.0 = Release|StableBackup
		{52BA699E-3223-48A5-8674-009EAF64D745}.Debug|MainlineSteam.ActiveCfg = Debug|MainlineSteam
		{52BA699E-3223-48A5-8674-009EAF64D745}.Debug|MainlineSteam.Build.0 = Debug|MainlineSteam
		{52BA699E-3223-48A5-8674-009EAF64D745}.Debug|StableBackup.ActiveCfg = Debug|StableBackup
		{52BA699E-3223-48A5-8674-009EAF64D745}.Debug|StableBackup.Build.0 = Debug|StableBackup
		{52BA699E-3223-48A5-8674-009EAF64D745}.Release|MainlineSteam.ActiveCfg = Release|MainlineSteam
		{52BA699E-3223-48A5-8674-009EAF64D745}.Release|MainlineSteam.Build.0 = Release|MainlineSteam
		{52BA699E-3223-48A5-8674-009EAF64D745}.Release|StableBackup.ActiveCfg = Release|StableBackup
		{52BA699E-3223-48A5-8674-009EAF64D745}.Release|StableBackup.Build.0 = Release|StableBackup
		{023EA272-2876-4AA8-A58D-9F5C97109201}.Debug|MainlineSteam.ActiveCfg = Debug|MainlineSteam
		{023EA272-2876-4AA8-A58D-9F5C97109201}.Debug|MainlineSteam.Build.0 = Debug|MainlineSteam
		{023EA272-2876-4AA8-A58D-9F5C97109201}.Debug|StableBackup.ActiveCfg = Debug|StableBackup
		{023EA272-2876-4AA8-A58D-9F5C97109201}.Debug|StableBackup.Build.0 = Debug|StableBackup
		{023EA272-2876-4AA8-A58D-9F5C97109201}.Release|MainlineSteam.ActiveCfg = Release|MainlineSteam
		{023EA272-2876-4AA8-A58D-9F5C97109201}.Release|MainlineSteam.Build.0 = Release|MainlineSteam
		{023EA272-2876-4AA8-A58D-9F5C97109201}.Release|StableBackup.ActiveCfg = Release|StableBackup
		{023EA272-2876-4AA8-A58D-9F5C97109201}.Release|StableBackup.Build.0 = Release|StableBackup
		{CAD7AFEB-4A67-43BF-8A12-83236BBB719F}.Debug|MainlineSteam.ActiveCfg = Debug|MainlineSteam
		{CAD7AFEB-4A67-43BF-8A12-83236BBB719F}.Debug|MainlineSteam.Build.0 = Debug|MainlineSteam
		{CAD7AFEB-4A67-43BF-8A12-83236BBB719F}.Debug|StableBackup.ActiveCfg = Debug|StableBackup
		{CAD7AFEB-4A67-43BF-8A12-83236BBB719F}.Debug|StableBackup.Build.0 = Debug|StableBackup
		{CAD7AFEB-4A67-43BF-8A12-83236BBB719F}.Release|MainlineSteam.ActiveCfg = Release|MainlineSteam
		{CAD7AFEB-4A67-43BF-8A12-83236BBB719F}.Release|MainlineSteam.Build.0 = Release|MainlineSteam
		{CAD7AFEB-4A67-43BF-8A12-83236BBB719F}.Release|StableBackup.ActiveCfg = Release|StableBackup
		{CAD7AFEB-4A67-43BF-8A12-83236BBB719F}.Release|StableBackup.Build.0 = Release|StableBackup
		{D2F24263-EDE5-4FE4-BF79-AE6AA84ED46C}.Debug|MainlineSteam.ActiveCfg = Debug|MainlineSteam
		{D2F24263-EDE5-4FE4-BF79-AE6AA84ED46C}.Debug|MainlineSteam.Build.0 = Debug|MainlineSteam
		{D2F24263-EDE5-4FE4-BF79-AE6AA84ED46C}.Debug|StableBackup.ActiveCfg = Debug|StableBackup
		{D2F24263-EDE5-4FE4-BF79-AE6AA84ED46C}.Debug|StableBackup.Build.0 = Debug|StableBackup
		{D2F24263-EDE5-4FE4-BF79-AE6AA84ED46C}.Release|MainlineSteam.ActiveCfg = Release|MainlineSteam
		{D2F24263-EDE5-4FE4-BF79-AE6AA84ED46C}.Release|MainlineSteam.Build.0 = Release|MainlineSteam
		{D2F24263-EDE5-4FE4-BF79-AE6AA84ED46C}.Release|StableBackup.ActiveCfg = Release|StableBackup
		{D2F24263-EDE5-4FE4-BF79-AE6AA84ED46C}.Release|StableBackup.Build.0 = Release|StableBackup
		{04FB6DB1-8A5D-4540-B0B1-4809523DA53A}.Debug|MainlineSteam.ActiveCfg = Debug|MainlineSteam
		{04FB6DB1-8A5D-4540-B0B1-4809523DA53A}.Debug|MainlineSteam.Build.0 = Debug|MainlineSteam
		{04FB6DB1-8A5D-4540-B0B1-4809523DA53A}.Debug|StableBackup.ActiveCfg = Debug|StableBackup
		{04FB6DB1-8A5D-4540-B0B1-4809523DA53A}.Debug|StableBackup.Build.0 = Debug|StableBackup
		{04FB6DB1-8A5D-4540-B0B1-4809523DA53A}.Release|MainlineSteam.ActiveCfg = Release|MainlineSteam
		{04FB6DB1-8A5D-4540-B0B1-4809523DA53A}.Release|MainlineSteam.Build.0 = Release|MainlineSteam
		{04FB6DB1-8A5D-4540-B0B1-4809523DA53A}.Release|StableBackup.ActiveCfg = Release|StableBackup
		{04FB6DB1-8A5D-4540-B0B1-4809523DA53A}.Release|StableBackup.Build.0 = Release|StableBackup
		{D6DF0AF3-27D7-4745-A30F-21F3FB707D4C}.Debug|MainlineSteam.ActiveCfg = Debug|MainlineSteam
		{D6DF0AF3-27D7-4745-A30F-21F3FB707D4C}.Debug|MainlineSteam.Build.0 = Debug|MainlineSteam
		{D6DF0AF3-27D7-4745-A30F-21F3FB707D4C}.Debug|StableBackup.ActiveCfg = Debug|StableBackup
		{D6DF0AF3-27D7-4745-A30F-21F3FB707D4C}.Debug|StableBackup.Build.0 = Debug|StableBackup
		{D6DF0AF3-27D7-4745-A30F-21F3FB707D4C}.Release|MainlineSteam.ActiveCfg = Release|MainlineSteam
		{D6DF0AF3-27D7-4745-A30F-21F3FB707D4C}.Release|MainlineSteam.Build.0 = Release|MainlineSteam
		{D6DF0AF3-27D7-4745-A30F-21F3FB707D4C}.Release|StableBackup.ActiveCfg = Release|StableBackup
		{D6DF0AF3-27D7-4745-A30F-21F3FB707D4C}.Release|StableBackup.Build.0 = Release|StableBackup
		{66FFC1AB-8518-49EB-B485-D8A40888A0D8}.Debug|MainlineSteam.ActiveCfg = Debug|MainlineSteam
		{66FFC1AB-8518-49EB-B485-D8A40888A0D8}.Debug|MainlineSteam.Build.0 = Debug|MainlineSteam
		{66FFC1AB-8518-49EB-B485-D8A40888A0D8}.Debug|StableBackup.ActiveCfg = Debug|StableBackup
		{66FFC1AB-8518-49EB-B485-D8A40888A0D8}.Debug|StableBackup.Build.0 = Debug|StableBackup
		{66FFC1AB-8518-49EB-B485-D8A40888A0D8}.Release|MainlineSteam.ActiveCfg = Release|MainlineSteam
		{66FFC1AB-8518-49EB-B485-D8A40888A0D8}.Release|MainlineSteam.Build.0 = Release|MainlineSteam
		{66FFC1AB-8518-49EB-B485-D8A40888A0D8}.Release|StableBackup.ActiveCfg = Release|StableBackup
		{66FFC1AB-8518-49EB-B485-D8A40888A0D8}.Release|StableBackup.Build.0 = Release|StableBackup
		{19EF2AF6-C054-4642-9405-0B3AD822F769}.Debug|MainlineSteam.ActiveCfg = Debug|MainlineSteam
		{19EF2AF6-C054-4642-9405-0B3AD822F769}.Debug|MainlineSteam.Build.0 = Debug|MainlineSteam
		{19EF2AF6-C054-4642-9405-0B3AD822F769}.Debug|StableBackup.ActiveCfg = Debug|StableBackup
		{19EF2AF6-C054-4642-9405-0B3AD822F769}.Debug|StableBackup.Build.0 = Debug|StableBackup
		{19EF2AF6-C054-4642-9405-0B3AD822F769}.Release|MainlineSteam.ActiveCfg = Release|MainlineSteam
		{19EF2AF6-C054-4642-9405-0B3AD822F769}.Release|MainlineSteam.Build.0 = Release|MainlineSteam
		{19EF2AF6-C054-4642-9405-0B3AD822F769}.Release|StableBackup.ActiveCfg = Release|StableBackup
		{19EF2AF6-C054-4642-9405-0B3AD822F769}.Release|StableBackup.Build.0 = Release|StableBackup
		{816BC299-3C70-4E4E-8A2F-F6CE598ADB6E}.Debug|MainlineSteam.ActiveCfg = Debug|MainlineSteam
		{816BC299-3C70-4E4E-8A2F-F6CE598ADB6E}.Debug|MainlineSteam.Build.0 = Debug|MainlineSteam
		{816BC299-3C70-4E4E-8A2F-F6CE598ADB6E}.Debug|StableBackup.ActiveCfg = Debug|StableBackup
		{816BC299-3C70-4E4E-8A2F-F6CE598ADB6E}.Debug|StableBackup.Build.0 = Debug|StableBackup
		{816BC299-3C70-4E4E-8A2F-F6CE598ADB6E}.Release|MainlineSteam.ActiveCfg = Release|MainlineSteam
		{816BC299-3C70-4E4E-8A2F-F6CE598ADB6E}.Release|MainlineSteam.Build.0 = Release|MainlineSteam
		{816BC299-3C70-4E4E-8A2F-F6CE598ADB6E}.Release|StableBackup.ActiveCfg = Release|StableBackup
		{816BC299-3C70-4E4E-8A2F-F6CE598ADB6E}.Release|StableBackup.Build.0 = Release|StableBackup
		{DA7CDB0A-612B-4996-82CF-2ADDD334C65D}.Debug|MainlineSteam.ActiveCfg = Debug|MainlineSteam
		{DA7CDB0A-612B-4996-82CF-2ADDD334C65D}.Debug|MainlineSteam.Build.0 = Debug|MainlineSteam
		{DA7CDB0A-612B-4996-82CF-2ADDD334C65D}.Debug|StableBackup.ActiveCfg = Debug|StableBackup
		{DA7CDB0A-612B-4996-82CF-2ADDD334C65D}.Debug|StableBackup.Build.0 = Debug|StableBackup
		{DA7CDB0A-612B-4996-82CF-2ADDD334C65D}.Release|MainlineSteam.ActiveCfg = Release|MainlineSteam
		{DA7CDB0A-612B-4996-82CF-2ADDD334C65D}.Release|MainlineSteam.Build.0 = Release|MainlineSteam
		{DA7CDB0A-612B-4996-82CF-2ADDD334C65D}.Release|StableBackup.ActiveCfg = Release|StableBackup
		{DA7CDB0A-612B-4996-82CF-2ADDD334C65D}.Release|StableBackup.Build.0 = Release|StableBackup
		{98A2F2D4-013C-46C3-8103-A9B745F53067}.Debug|MainlineSteam.ActiveCfg = Debug|MainlineSteam
		{98A2F2D4-013C-46C3-8103-A9B745F53067}.Debug|MainlineSteam.Build.0 = Debug|MainlineSteam
		{98A2F2D4-013C-46C3-8103-A9B745F53067}.Debug|StableBackup.ActiveCfg = Debug|StableBackup
		{98A2F2D4-013C-46C3-8103-A9B745F53067}.Debug|StableBackup.Build.0 = Debug|StableBackup
		{98A2F2D4-013C-46C3-8103-A9B745F53067}.Release|MainlineSteam.ActiveCfg = Release|MainlineSteam
		{98A2F2D4-013C-46C3-8103-A9B745F53067}.Release|MainlineSteam.Build.0 = Release|MainlineSteam
		{98A2F2D4-013C-46C3-8103-A9B745F53067}.Release|StableBackup.ActiveCfg = Release|StableBackup
		{98A2F2D4-013C-46C3-8103-A9B745F53067}.Release|StableBackup.Build.0 = Release|StableBackup
		{99502226-3187-4B58-8FC4-76D6D3C2852A}.Debug|MainlineSteam.ActiveCfg = Debug|MainlineSteam
		{99502226-3187-4B58-8FC4-76D6D3C2852A}.Debug|MainlineSteam.Build.0 = Debug|MainlineSteam
		{99502226-3187-4B58-8FC4-76D6D3C2852A}.Debug|StableBackup.ActiveCfg = Debug|StableBackup
		{99502226-3187-4B58-8FC4-76D6D3C2852A}.Debug|StableBackup.Build.0 = Debug|StableBackup
		{99502226-3187-4B58-8FC4-76D6D3C2852A}.Release|MainlineSteam.ActiveCfg = Release|MainlineSteam
		{99502226-3187-4B58-8FC4-76D6D3C2852A}.Release|MainlineSteam.Build.0 = Release|MainlineSteam
		{99502226-3187-4B58-8FC4-76D6D3C2852A}.Release|StableBackup.ActiveCfg = Release|StableBackup
		{99502226-3187-4B58-8FC4-76D6D3C2852A}.Release|StableBackup.Build.0 = Release|StableBackup
		{6A7810B6-49C7-4AEC-B970-D8D38FAF64CC}.Debug|MainlineSteam.ActiveCfg = Debug|MainlineSteam
		{6A7810B6-49C7-4AEC-B970-D8D38FAF64CC}.Debug|MainlineSteam.Build.0 = Debug|MainlineSteam
		{6A7810B6-49C7-4AEC-B970-D8D38FAF64CC}.Debug|StableBackup.ActiveCfg = Debug|StableBackup
		{6A7810B6-49C7-4AEC-B970-D8D38FAF64CC}.Debug|StableBackup.Build.0 = Debug|StableBackup
		{6A7810B6-49C7-4AEC-B970-D8D38FAF64CC}.Release|MainlineSteam.ActiveCfg = Release|MainlineSteam
		{6A7810B6-49C7-4AEC-B970-D8D38FAF64CC}.Release|MainlineSteam.Build.0 = Release|MainlineSteam
		{6A7810B6-49C7-4AEC-B970-D8D38FAF64CC}.Release|StableBackup.ActiveCfg = Release|StableBackup
		{6A7810B6-49C7-4AEC-B970-D8D38FAF64CC}.Release|StableBackup.Build.0 = Release|StableBackup
		{DE6E8577-3795-4881-A825-33D19E835727}.Debug|MainlineSteam.ActiveCfg = Debug|MainlineSteam
		{DE6E8577-3795-4881-A825-33D19E835727}.Debug|MainlineSteam.Build.0 = Debug|MainlineSteam
		{DE6E8577-3795-4881-A825-33D19E835727}.Debug|StableBackup.ActiveCfg = Debug|StableBackup
		{DE6E8577-3795-4881-A825-33D19E835727}.Debug|StableBackup.Build.0 = Debug|StableBackup
		{DE6E8577-3795-4881-A825-33D19E835727}.Release|MainlineSteam.ActiveCfg = Release|MainlineSteam
		{DE6E8577-3795-4881-A825-33D19E835727}.Release|MainlineSteam.Build.0 = Release|MainlineSteam
		{DE6E8577-3795-4881-A825-33D19E835727}.Release|StableBackup.ActiveCfg = Release|StableBackup
		{DE6E8577-3795-4881-A825-33D19E835727}.Release|StableBackup.Build.0 = Release|StableBackup
		{84650BA3-870A-413A-84BD-789BB1FBA62B}.Debug|MainlineSteam.ActiveCfg = Debug|MainlineSteam
		{84650BA3-870A-413A-84BD-789BB1FBA62B}.Debug|MainlineSteam.Build.0 = Debug|MainlineSteam
		{84650BA3-870A-413A-84BD-789BB1FBA62B}.Debug|StableBackup.ActiveCfg = Debug|StableBackup
		{84650BA3-870A-413A-84BD-789BB1FBA62B}.Debug|StableBackup.Build.0 = Debug|StableBackup
		{84650BA3-870A-413A-84BD-789BB1FBA62B}.Release|MainlineSteam.ActiveCfg = Release|MainlineSteam
		{84650BA3-870A-413A-84BD-789BB1FBA62B}.Release|MainlineSteam.Build.0 = Release|MainlineSteam
		{84650BA3-870A-413A-84BD-789BB1FBA62B}.Release|StableBackup.ActiveCfg = Release|StableBackup
		{84650BA3-870A-413A-84BD-789BB1FBA62B}.Release|StableBackup.Build.0 = Release|StableBackup
	EndGlobalSection
	GlobalSection(SolutionProperties) = preSolution
		HideSolutionNode = FALSE
	EndGlobalSection
	GlobalSection(ExtensibilityGlobals) = postSolution
		SolutionGuid = {A9AF77B7-A9D8-4064-B1C4-0A424919BB45}
	EndGlobalSection
EndGlobal
