
Microsoft Visual Studio Solution File, Format Version 12.00
# Visual Studio Version 16
VisualStudioVersion = 16.0.30717.126
MinimumVisualStudioVersion = 10.0.40219.1
Project("{FAE04EC0-301F-11D3-BF4B-00C04F79EFBC}") = "AutomaticDispenserBugFix", "AutomaticDispenserBugFix\AutomaticDispenserBugFix.csproj", "{BD584047-3C90-4188-A791-496FDAA8626C}"
EndProject
Project("{FAE04EC0-301F-11D3-BF4B-00C04F79EFBC}") = "AutomaticDispenserOnlyTransferFromLowerPriority", "AutomaticDispenserOnlyTransferFromLowerPriority\AutomaticDispenserOnlyTransferFromLowerPriority.csproj", "{2A65BF0C-5307-4D84-B9DE-08A4B7421F1E}"
EndProject
Project("{FAE04EC0-301F-11D3-BF4B-00C04F79EFBC}") = "TweakedBiologicalCargoBay", "TweakedBiologicalCargoBay\TweakedBiologicalCargoBay.csproj", "{A4200811-8C17-4992-917C-EE5686FC203B}"
EndProject
Project("{FAE04EC0-301F-11D3-BF4B-00C04F79EFBC}") = "NoManualDelivery", "NoManualDelivery\NoManualDelivery.csproj", "{CF3BE59A-24B5-4233-85BC-9FBD17930B98}"
EndProject
Project("{FAE04EC0-301F-11D3-BF4B-00C04F79EFBC}") = "CarouselCentrifuge", "CarouselCentrifuge\CarouselCentrifuge.csproj", "{6AC50009-E4BB-40F1-9996-B965A9F5AB45}"
EndProject
Project("{FAE04EC0-301F-11D3-BF4B-00C04F79EFBC}") = "ButcherStation", "ButcherStation\ButcherStation.csproj", "{38B1CE90-937D-4FD2-BDDD-B143A5269BAC}"
EndProject
Project("{2150E333-8FDC-42A3-9474-1A3956D46DE8}") = "Lib", "Lib", "{477BAC88-9C78-4A44-956A-71F97CF313C4}"
	ProjectSection(SolutionItems) = preProject
		lib\BaseConfig.cs = lib\BaseConfig.cs
		lib\BaseOptions.cs = lib\BaseOptions.cs
		lib\DurabilityExtensions.cs = lib\DurabilityExtensions.cs
		lib\EffectsExtensions.cs = lib\EffectsExtensions.cs
		lib\FreezeEffectDuration.cs = lib\FreezeEffectDuration.cs
		lib\FXLoopAnim.cs = lib\FXLoopAnim.cs
		lib\KAnimGroupManager.cs = lib\KAnimGroupManager.cs
		lib\ManualDeliveryKGPatch.cs = lib\ManualDeliveryKGPatch.cs
		lib\ModdedSpicesSerializationManager.cs = lib\ModdedSpicesSerializationManager.cs
		lib\MultiRoomTracker.cs = lib\MultiRoomTracker.cs
		lib\StateMachinesExtensions.cs = lib\StateMachinesExtensions.cs
		lib\StorageDropper.cs = lib\StorageDropper.cs
		lib\TranspilerUtils.cs = lib\TranspilerUtils.cs
		lib\UI.cs = lib\UI.cs
		lib\Utils.cs = lib\Utils.cs
	EndProjectSection
EndProject
Project("{FAE04EC0-301F-11D3-BF4B-00C04F79EFBC}") = "OldLiquidReservoir", "OldLiquidReservoir\OldLiquidReservoir.csproj", "{A77DCECC-DFCE-42CE-AA1E-5B5B8362DC5B}"
EndProject
Project("{FAE04EC0-301F-11D3-BF4B-00C04F79EFBC}") = "AquaticFarm", "AquaticFarm\AquaticFarm.csproj", "{2DB6A376-EE5B-4492-B562-7F0FD7D6837A}"
EndProject
Project("{FAE04EC0-301F-11D3-BF4B-00C04F79EFBC}") = "Archaeologist", "Archaeologist\Archaeologist.csproj", "{901C7D96-27FB-4BBF-A3C0-6A668CE9F3F5}"
EndProject
Project("{FAE04EC0-301F-11D3-BF4B-00C04F79EFBC}") = "BetterPlantTending", "BetterPlantTending\BetterPlantTending.csproj", "{D9C6A940-106C-42E4-BA4D-F3E92EFA5340}"
EndProject
Project("{FAE04EC0-301F-11D3-BF4B-00C04F79EFBC}") = "MechanicsStation", "MechanicsStation\MechanicsStation.csproj", "{9462C9FD-5EB3-4024-AF98-E2FEF20DF112}"
EndProject
Project("{FAE04EC0-301F-11D3-BF4B-00C04F79EFBC}") = "Test", "Test\Test.csproj", "{D612B1C9-03C9-4C88-8DAE-685101AEB198}"
EndProject
Project("{FAE04EC0-301F-11D3-BF4B-00C04F79EFBC}") = "SquirrelGenerator", "SquirrelGenerator\SquirrelGenerator.csproj", "{9EAF292A-4D91-44CC-A9BC-07E035BE2C44}"
EndProject
Project("{FAE04EC0-301F-11D3-BF4B-00C04F79EFBC}") = "DeathReimagined", "DeathReimagined\DeathReimagined.csproj", "{97D0678D-AC07-472D-B1D4-C7BDA313F344}"
EndProject
Project("{FAE04EC0-301F-11D3-BF4B-00C04F79EFBC}") = "VaricolouredBalloons", "VaricolouredBalloons\VaricolouredBalloons.csproj", "{FE642F86-51F3-4961-A75C-025DEE5E0DD5}"
EndProject
Project("{FAE04EC0-301F-11D3-BF4B-00C04F79EFBC}") = "Smelter", "Smelter\Smelter.csproj", "{4CC54134-ECC9-48AD-9E11-A4B3187E3A55}"
EndProject
Project("{FAE04EC0-301F-11D3-BF4B-00C04F79EFBC}") = "MSBuildTasksHelper", "MSBuildTasksHelper\MSBuildTasksHelper.csproj", "{6B568584-6E83-486A-A278-E58271DCD8DA}"
EndProject
Project("{FAE04EC0-301F-11D3-BF4B-00C04F79EFBC}") = "HEPBridgeInsulationTile", "HEPBridgeInsulationTile\HEPBridgeInsulationTile.csproj", "{18F0CD86-A2D9-4E41-9509-95A6685F241C}"
EndProject
Project("{FAE04EC0-301F-11D3-BF4B-00C04F79EFBC}") = "ArtifactCarePackages", "ArtifactCarePackages\ArtifactCarePackages.csproj", "{20E68470-1CAA-413F-B69B-551D68D721FF}"
EndProject
Project("{FAE04EC0-301F-11D3-BF4B-00C04F79EFBC}") = "SandboxMutantPlant", "SandboxMutantPlant\SandboxMutantPlant.csproj", "{52BA699E-3223-48A5-8674-009EAF64D745}"
EndProject
Project("{FAE04EC0-301F-11D3-BF4B-00C04F79EFBC}") = "SuitRecharger", "SuitRecharger\SuitRecharger.csproj", "{023EA272-2876-4AA8-A58D-9F5C97109201}"
EndProject
Project("{FAE04EC0-301F-11D3-BF4B-00C04F79EFBC}") = "ReBuildableAETN", "ReBuildableAETN\ReBuildableAETN.csproj", "{CAD7AFEB-4A67-43BF-8A12-83236BBB719F}"
EndProject
Project("{FAE04EC0-301F-11D3-BF4B-00C04F79EFBC}") = "EatEveryDay", "EatEveryDay\EatEveryDay.csproj", "{D2F24263-EDE5-4FE4-BF79-AE6AA84ED46C}"
EndProject
Project("{FAE04EC0-301F-11D3-BF4B-00C04F79EFBC}") = "LargeTelescope", "LargeTelescope\LargeTelescope.csproj", "{04FB6DB1-8A5D-4540-B0B1-4809523DA53A}"
EndProject
Project("{FAE04EC0-301F-11D3-BF4B-00C04F79EFBC}") = "WhereMyLoot", "WhereMyLoot\WhereMyLoot.csproj", "{D6DF0AF3-27D7-4745-A30F-21F3FB707D4C}"
EndProject
Project("{FAE04EC0-301F-11D3-BF4B-00C04F79EFBC}") = "WornSuitDischarge", "WornSuitDischarge\WornSuitDischarge.csproj", "{66FFC1AB-8518-49EB-B485-D8A40888A0D8}"
EndProject
Project("{FAE04EC0-301F-11D3-BF4B-00C04F79EFBC}") = "BuildableGeneShuffler", "BuildableGeneShuffler\BuildableGeneShuffler.csproj", "{19EF2AF6-C054-4642-9405-0B3AD822F769}"
EndProject
Project("{FAE04EC0-301F-11D3-BF4B-00C04F79EFBC}") = "RoverRefueling", "RoverRefueling\RoverRefueling.csproj", "{816BC299-3C70-4E4E-8A2F-F6CE598ADB6E}"
EndProject
Project("{FAE04EC0-301F-11D3-BF4B-00C04F79EFBC}") = "Hydrocactus", "Hydrocactus\Hydrocactus.csproj", "{DA7CDB0A-612B-4996-82CF-2ADDD334C65D}"
EndProject
Project("{FAE04EC0-301F-11D3-BF4B-00C04F79EFBC}") = "CrabsProfit", "CrabsProfit\CrabsProfit.csproj", "{98A2F2D4-013C-46C3-8103-A9B745F53067}"
EndProject
Project("{FAE04EC0-301F-11D3-BF4B-00C04F79EFBC}") = "SmartLogicDoors", "SmartLogicDoors\SmartLogicDoors.csproj", "{99502226-3187-4B58-8FC4-76D6D3C2852A}"
EndProject
Project("{FAE04EC0-301F-11D3-BF4B-00C04F79EFBC}") = "AttributeRestrictions", "AttributeRestrictions\AttributeRestrictions.csproj", "{6A7810B6-49C7-4AEC-B970-D8D38FAF64CC}"
EndProject
Project("{FAE04EC0-301F-11D3-BF4B-00C04F79EFBC}") = "ExoticSpices", "ExoticSpices\ExoticSpices.csproj", "{DE6E8577-3795-4881-A825-33D19E835727}"
EndProject
Project("{FAE04EC0-301F-11D3-BF4B-00C04F79EFBC}") = "GraveyardKeeper", "GraveyardKeeper\GraveyardKeeper.csproj", "{84650BA3-870A-413A-84BD-789BB1FBA62B}"
EndProject
Project("{FAE04EC0-301F-11D3-BF4B-00C04F79EFBC}") = "BigRedButton", "BigRedButton\BigRedButton.csproj", "{959FC97F-3BC6-49A2-8BEA-A03951A52C5F}"
EndProject
Project("{FAE04EC0-301F-11D3-BF4B-00C04F79EFBC}") = "AthleticsGenerator", "AthleticsGenerator\AthleticsGenerator.csproj", "{2D7FC51B-45C7-40ED-9233-D7089DD17B49}"
EndProject
Project("{FAE04EC0-301F-11D3-BF4B-00C04F79EFBC}") = "WrangleCarry", "WrangleCarry\WrangleCarry.csproj", "{EE935859-2390-46E6-85C4-59CA917A3FF7}"
EndProject
Project("{FAE04EC0-301F-11D3-BF4B-00C04F79EFBC}") = "PickupFloppingPacu", "PickupFloppingPacu\PickupFloppingPacu.csproj", "{3E69CE22-BD50-4FF6-896D-096B4F7C7F57}"
EndProject
Project("{FAE04EC0-301F-11D3-BF4B-00C04F79EFBC}") = "MooDiet", "MooDiet\MooDiet.csproj", "{BBB31FE8-442A-40BE-88D7-91C4B69292BC}"
EndProject
Project("{FAE04EC0-301F-11D3-BF4B-00C04F79EFBC}") = "EndlessTelescope", "EndlessTelescope\EndlessTelescope.csproj", "{F642BB0C-ACAA-4217-9978-806C4773FC6D}"
EndProject
Project("{FAE04EC0-301F-11D3-BF4B-00C04F79EFBC}") = "ControlYourRobots", "ControlYourRobots\ControlYourRobots.csproj", "{975AB9CB-535B-41EC-9D82-58B923248765}"
EndProject
Project("{FAE04EC0-301F-11D3-BF4B-00C04F79EFBC}") = "MoreEmotions", "MoreEmotions\MoreEmotions.csproj", "{F77D9FA9-32B4-4DA2-B5A7-3E6570823AEB}"
EndProject
Project("{FAE04EC0-301F-11D3-BF4B-00C04F79EFBC}") = "VitalsDisplayRads", "VitalsDisplayRads\VitalsDisplayRads.csproj", "{0B2E1D4B-6968-404D-898A-2698037F5239}"
EndProject
Project("{FAE04EC0-301F-11D3-BF4B-00C04F79EFBC}") = "CorpseOnPedestal", "CorpseOnPedestal\CorpseOnPedestal.csproj", "{200E4B4A-037C-4979-9030-25466658E226}"
EndProject
Project("{FAE04EC0-301F-11D3-BF4B-00C04F79EFBC}") = "AnyIceKettle", "AnyIceKettle\AnyIceKettle.csproj", "{1F0C835B-653C-4BAA-BAD0-A1D551D9D972}"
EndProject
Project("{FAE04EC0-301F-11D3-BF4B-00C04F79EFBC}") = "DumpIncorrectFertilizers", "DumpIncorrectFertilizers\DumpIncorrectFertilizers.csproj", "{A064BEFB-E7EA-4294-81AE-E30B326F5AC2}"
EndProject
Project("{FAE04EC0-301F-11D3-BF4B-00C04F79EFBC}") = "PotatoElectrobanks", "PotatoElectrobanks\PotatoElectrobanks.csproj", "{0F48DDC4-869F-444D-92DD-B2939F5129D4}"
EndProject
Project("{FAE04EC0-301F-11D3-BF4B-00C04F79EFBC}") = "SupplyToClosest", "SupplyToClosest\SupplyToClosest.csproj", "{504A094E-1FF0-4173-B234-4968F90382CC}"
EndProject
Project("{FAE04EC0-301F-11D3-BF4B-00C04F79EFBC}") = "Lagoo", "Lagoo\Lagoo.csproj", "{5FCF22FC-5DE5-4389-BB95-7ED458BCEC28}"
EndProject
Global
	GlobalSection(SolutionConfigurationPlatforms) = preSolution
		Debug|Backup = Debug|Backup
		Debug|Steam = Debug|Steam
		Release|Backup = Release|Backup
		Release|Steam = Release|Steam
	EndGlobalSection
	GlobalSection(ProjectConfigurationPlatforms) = postSolution
		{BD584047-3C90-4188-A791-496FDAA8626C}.Debug|Backup.ActiveCfg = Debug|Backup
		{BD584047-3C90-4188-A791-496FDAA8626C}.Debug|Backup.Build.0 = Debug|Backup
		{BD584047-3C90-4188-A791-496FDAA8626C}.Debug|Steam.ActiveCfg = Debug|Steam
		{BD584047-3C90-4188-A791-496FDAA8626C}.Debug|Steam.Build.0 = Debug|Steam
		{BD584047-3C90-4188-A791-496FDAA8626C}.Release|Backup.ActiveCfg = Release|Backup
		{BD584047-3C90-4188-A791-496FDAA8626C}.Release|Backup.Build.0 = Release|Backup
		{BD584047-3C90-4188-A791-496FDAA8626C}.Release|Steam.ActiveCfg = Release|Steam
		{BD584047-3C90-4188-A791-496FDAA8626C}.Release|Steam.Build.0 = Release|Steam
		{2A65BF0C-5307-4D84-B9DE-08A4B7421F1E}.Debug|Backup.ActiveCfg = Debug|Backup
		{2A65BF0C-5307-4D84-B9DE-08A4B7421F1E}.Debug|Backup.Build.0 = Debug|Backup
		{2A65BF0C-5307-4D84-B9DE-08A4B7421F1E}.Debug|Steam.ActiveCfg = Debug|Steam
		{2A65BF0C-5307-4D84-B9DE-08A4B7421F1E}.Debug|Steam.Build.0 = Debug|Steam
		{2A65BF0C-5307-4D84-B9DE-08A4B7421F1E}.Release|Backup.ActiveCfg = Release|Backup
		{2A65BF0C-5307-4D84-B9DE-08A4B7421F1E}.Release|Backup.Build.0 = Release|Backup
		{2A65BF0C-5307-4D84-B9DE-08A4B7421F1E}.Release|Steam.ActiveCfg = Release|Steam
		{2A65BF0C-5307-4D84-B9DE-08A4B7421F1E}.Release|Steam.Build.0 = Release|Steam
		{A4200811-8C17-4992-917C-EE5686FC203B}.Debug|Backup.ActiveCfg = Debug|Backup
		{A4200811-8C17-4992-917C-EE5686FC203B}.Debug|Backup.Build.0 = Debug|Backup
		{A4200811-8C17-4992-917C-EE5686FC203B}.Debug|Steam.ActiveCfg = Debug|Steam
		{A4200811-8C17-4992-917C-EE5686FC203B}.Debug|Steam.Build.0 = Debug|Steam
		{A4200811-8C17-4992-917C-EE5686FC203B}.Release|Backup.ActiveCfg = Release|Backup
		{A4200811-8C17-4992-917C-EE5686FC203B}.Release|Backup.Build.0 = Release|Backup
		{A4200811-8C17-4992-917C-EE5686FC203B}.Release|Steam.ActiveCfg = Release|Steam
		{A4200811-8C17-4992-917C-EE5686FC203B}.Release|Steam.Build.0 = Release|Steam
		{CF3BE59A-24B5-4233-85BC-9FBD17930B98}.Debug|Backup.ActiveCfg = Debug|Backup
		{CF3BE59A-24B5-4233-85BC-9FBD17930B98}.Debug|Backup.Build.0 = Debug|Backup
		{CF3BE59A-24B5-4233-85BC-9FBD17930B98}.Debug|Steam.ActiveCfg = Debug|Steam
		{CF3BE59A-24B5-4233-85BC-9FBD17930B98}.Debug|Steam.Build.0 = Debug|Steam
		{CF3BE59A-24B5-4233-85BC-9FBD17930B98}.Release|Backup.ActiveCfg = Release|Backup
		{CF3BE59A-24B5-4233-85BC-9FBD17930B98}.Release|Backup.Build.0 = Release|Backup
		{CF3BE59A-24B5-4233-85BC-9FBD17930B98}.Release|Steam.ActiveCfg = Release|Steam
		{CF3BE59A-24B5-4233-85BC-9FBD17930B98}.Release|Steam.Build.0 = Release|Steam
		{6AC50009-E4BB-40F1-9996-B965A9F5AB45}.Debug|Backup.ActiveCfg = Debug|Backup
		{6AC50009-E4BB-40F1-9996-B965A9F5AB45}.Debug|Backup.Build.0 = Debug|Backup
		{6AC50009-E4BB-40F1-9996-B965A9F5AB45}.Debug|Steam.ActiveCfg = Debug|Steam
		{6AC50009-E4BB-40F1-9996-B965A9F5AB45}.Debug|Steam.Build.0 = Debug|Steam
		{6AC50009-E4BB-40F1-9996-B965A9F5AB45}.Release|Backup.ActiveCfg = Release|Backup
		{6AC50009-E4BB-40F1-9996-B965A9F5AB45}.Release|Backup.Build.0 = Release|Backup
		{6AC50009-E4BB-40F1-9996-B965A9F5AB45}.Release|Steam.ActiveCfg = Release|Steam
		{6AC50009-E4BB-40F1-9996-B965A9F5AB45}.Release|Steam.Build.0 = Release|Steam
		{38B1CE90-937D-4FD2-BDDD-B143A5269BAC}.Debug|Backup.ActiveCfg = Debug|Backup
		{38B1CE90-937D-4FD2-BDDD-B143A5269BAC}.Debug|Backup.Build.0 = Debug|Backup
		{38B1CE90-937D-4FD2-BDDD-B143A5269BAC}.Debug|Steam.ActiveCfg = Debug|Steam
		{38B1CE90-937D-4FD2-BDDD-B143A5269BAC}.Debug|Steam.Build.0 = Debug|Steam
		{38B1CE90-937D-4FD2-BDDD-B143A5269BAC}.Release|Backup.ActiveCfg = Release|Backup
		{38B1CE90-937D-4FD2-BDDD-B143A5269BAC}.Release|Backup.Build.0 = Release|Backup
		{38B1CE90-937D-4FD2-BDDD-B143A5269BAC}.Release|Steam.ActiveCfg = Release|Steam
		{38B1CE90-937D-4FD2-BDDD-B143A5269BAC}.Release|Steam.Build.0 = Release|Steam
		{A77DCECC-DFCE-42CE-AA1E-5B5B8362DC5B}.Debug|Backup.ActiveCfg = Debug|Backup
		{A77DCECC-DFCE-42CE-AA1E-5B5B8362DC5B}.Debug|Backup.Build.0 = Debug|Backup
		{A77DCECC-DFCE-42CE-AA1E-5B5B8362DC5B}.Debug|Steam.ActiveCfg = Debug|Steam
		{A77DCECC-DFCE-42CE-AA1E-5B5B8362DC5B}.Debug|Steam.Build.0 = Debug|Steam
		{A77DCECC-DFCE-42CE-AA1E-5B5B8362DC5B}.Release|Backup.ActiveCfg = Release|Backup
		{A77DCECC-DFCE-42CE-AA1E-5B5B8362DC5B}.Release|Backup.Build.0 = Release|Backup
		{A77DCECC-DFCE-42CE-AA1E-5B5B8362DC5B}.Release|Steam.ActiveCfg = Release|Steam
		{A77DCECC-DFCE-42CE-AA1E-5B5B8362DC5B}.Release|Steam.Build.0 = Release|Steam
		{2DB6A376-EE5B-4492-B562-7F0FD7D6837A}.Debug|Backup.ActiveCfg = Debug|Backup
		{2DB6A376-EE5B-4492-B562-7F0FD7D6837A}.Debug|Backup.Build.0 = Debug|Backup
		{2DB6A376-EE5B-4492-B562-7F0FD7D6837A}.Debug|Steam.ActiveCfg = Debug|Steam
		{2DB6A376-EE5B-4492-B562-7F0FD7D6837A}.Debug|Steam.Build.0 = Debug|Steam
		{2DB6A376-EE5B-4492-B562-7F0FD7D6837A}.Release|Backup.ActiveCfg = Release|Backup
		{2DB6A376-EE5B-4492-B562-7F0FD7D6837A}.Release|Backup.Build.0 = Release|Backup
		{2DB6A376-EE5B-4492-B562-7F0FD7D6837A}.Release|Steam.ActiveCfg = Release|Steam
		{2DB6A376-EE5B-4492-B562-7F0FD7D6837A}.Release|Steam.Build.0 = Release|Steam
		{901C7D96-27FB-4BBF-A3C0-6A668CE9F3F5}.Debug|Backup.ActiveCfg = Debug|Backup
		{901C7D96-27FB-4BBF-A3C0-6A668CE9F3F5}.Debug|Backup.Build.0 = Debug|Backup
		{901C7D96-27FB-4BBF-A3C0-6A668CE9F3F5}.Debug|Steam.ActiveCfg = Debug|Steam
		{901C7D96-27FB-4BBF-A3C0-6A668CE9F3F5}.Debug|Steam.Build.0 = Debug|Steam
		{901C7D96-27FB-4BBF-A3C0-6A668CE9F3F5}.Release|Backup.ActiveCfg = Release|Backup
		{901C7D96-27FB-4BBF-A3C0-6A668CE9F3F5}.Release|Backup.Build.0 = Release|Backup
		{901C7D96-27FB-4BBF-A3C0-6A668CE9F3F5}.Release|Steam.ActiveCfg = Release|Steam
		{901C7D96-27FB-4BBF-A3C0-6A668CE9F3F5}.Release|Steam.Build.0 = Release|Steam
		{D9C6A940-106C-42E4-BA4D-F3E92EFA5340}.Debug|Backup.ActiveCfg = Debug|Backup
		{D9C6A940-106C-42E4-BA4D-F3E92EFA5340}.Debug|Backup.Build.0 = Debug|Backup
		{D9C6A940-106C-42E4-BA4D-F3E92EFA5340}.Debug|Steam.ActiveCfg = Debug|Steam
		{D9C6A940-106C-42E4-BA4D-F3E92EFA5340}.Debug|Steam.Build.0 = Debug|Steam
		{D9C6A940-106C-42E4-BA4D-F3E92EFA5340}.Release|Backup.ActiveCfg = Release|Backup
		{D9C6A940-106C-42E4-BA4D-F3E92EFA5340}.Release|Backup.Build.0 = Release|Backup
		{D9C6A940-106C-42E4-BA4D-F3E92EFA5340}.Release|Steam.ActiveCfg = Release|Steam
		{D9C6A940-106C-42E4-BA4D-F3E92EFA5340}.Release|Steam.Build.0 = Release|Steam
		{9462C9FD-5EB3-4024-AF98-E2FEF20DF112}.Debug|Backup.ActiveCfg = Debug|Backup
		{9462C9FD-5EB3-4024-AF98-E2FEF20DF112}.Debug|Backup.Build.0 = Debug|Backup
		{9462C9FD-5EB3-4024-AF98-E2FEF20DF112}.Debug|Steam.ActiveCfg = Debug|Steam
		{9462C9FD-5EB3-4024-AF98-E2FEF20DF112}.Debug|Steam.Build.0 = Debug|Steam
		{9462C9FD-5EB3-4024-AF98-E2FEF20DF112}.Release|Backup.ActiveCfg = Release|Backup
		{9462C9FD-5EB3-4024-AF98-E2FEF20DF112}.Release|Backup.Build.0 = Release|Backup
		{9462C9FD-5EB3-4024-AF98-E2FEF20DF112}.Release|Steam.ActiveCfg = Release|Steam
		{9462C9FD-5EB3-4024-AF98-E2FEF20DF112}.Release|Steam.Build.0 = Release|Steam
		{D612B1C9-03C9-4C88-8DAE-685101AEB198}.Debug|Backup.ActiveCfg = Debug|Backup
		{D612B1C9-03C9-4C88-8DAE-685101AEB198}.Debug|Backup.Build.0 = Debug|Backup
		{D612B1C9-03C9-4C88-8DAE-685101AEB198}.Debug|Steam.ActiveCfg = Debug|Steam
		{D612B1C9-03C9-4C88-8DAE-685101AEB198}.Debug|Steam.Build.0 = Debug|Steam
		{D612B1C9-03C9-4C88-8DAE-685101AEB198}.Release|Backup.ActiveCfg = Release|Backup
		{D612B1C9-03C9-4C88-8DAE-685101AEB198}.Release|Backup.Build.0 = Release|Backup
		{D612B1C9-03C9-4C88-8DAE-685101AEB198}.Release|Steam.ActiveCfg = Release|Steam
		{D612B1C9-03C9-4C88-8DAE-685101AEB198}.Release|Steam.Build.0 = Release|Steam
		{9EAF292A-4D91-44CC-A9BC-07E035BE2C44}.Debug|Backup.ActiveCfg = Debug|Backup
		{9EAF292A-4D91-44CC-A9BC-07E035BE2C44}.Debug|Backup.Build.0 = Debug|Backup
		{9EAF292A-4D91-44CC-A9BC-07E035BE2C44}.Debug|Steam.ActiveCfg = Debug|Steam
		{9EAF292A-4D91-44CC-A9BC-07E035BE2C44}.Debug|Steam.Build.0 = Debug|Steam
		{9EAF292A-4D91-44CC-A9BC-07E035BE2C44}.Release|Backup.ActiveCfg = Release|Backup
		{9EAF292A-4D91-44CC-A9BC-07E035BE2C44}.Release|Backup.Build.0 = Release|Backup
		{9EAF292A-4D91-44CC-A9BC-07E035BE2C44}.Release|Steam.ActiveCfg = Release|Steam
		{9EAF292A-4D91-44CC-A9BC-07E035BE2C44}.Release|Steam.Build.0 = Release|Steam
		{97D0678D-AC07-472D-B1D4-C7BDA313F344}.Debug|Backup.ActiveCfg = Debug|Backup
		{97D0678D-AC07-472D-B1D4-C7BDA313F344}.Debug|Backup.Build.0 = Debug|Backup
		{97D0678D-AC07-472D-B1D4-C7BDA313F344}.Debug|Steam.ActiveCfg = Debug|Steam
		{97D0678D-AC07-472D-B1D4-C7BDA313F344}.Debug|Steam.Build.0 = Debug|Steam
		{97D0678D-AC07-472D-B1D4-C7BDA313F344}.Release|Backup.ActiveCfg = Release|Backup
		{97D0678D-AC07-472D-B1D4-C7BDA313F344}.Release|Backup.Build.0 = Release|Backup
		{97D0678D-AC07-472D-B1D4-C7BDA313F344}.Release|Steam.ActiveCfg = Release|Steam
		{97D0678D-AC07-472D-B1D4-C7BDA313F344}.Release|Steam.Build.0 = Release|Steam
		{FE642F86-51F3-4961-A75C-025DEE5E0DD5}.Debug|Backup.ActiveCfg = Debug|Backup
		{FE642F86-51F3-4961-A75C-025DEE5E0DD5}.Debug|Backup.Build.0 = Debug|Backup
		{FE642F86-51F3-4961-A75C-025DEE5E0DD5}.Debug|Steam.ActiveCfg = Debug|Steam
		{FE642F86-51F3-4961-A75C-025DEE5E0DD5}.Debug|Steam.Build.0 = Debug|Steam
		{FE642F86-51F3-4961-A75C-025DEE5E0DD5}.Release|Backup.ActiveCfg = Release|Backup
		{FE642F86-51F3-4961-A75C-025DEE5E0DD5}.Release|Backup.Build.0 = Release|Backup
		{FE642F86-51F3-4961-A75C-025DEE5E0DD5}.Release|Steam.ActiveCfg = Release|Steam
		{FE642F86-51F3-4961-A75C-025DEE5E0DD5}.Release|Steam.Build.0 = Release|Steam
		{4CC54134-ECC9-48AD-9E11-A4B3187E3A55}.Debug|Backup.ActiveCfg = Debug|Backup
		{4CC54134-ECC9-48AD-9E11-A4B3187E3A55}.Debug|Backup.Build.0 = Debug|Backup
		{4CC54134-ECC9-48AD-9E11-A4B3187E3A55}.Debug|Steam.ActiveCfg = Debug|Steam
		{4CC54134-ECC9-48AD-9E11-A4B3187E3A55}.Debug|Steam.Build.0 = Debug|Steam
		{4CC54134-ECC9-48AD-9E11-A4B3187E3A55}.Release|Backup.ActiveCfg = Release|Backup
		{4CC54134-ECC9-48AD-9E11-A4B3187E3A55}.Release|Backup.Build.0 = Release|Backup
		{4CC54134-ECC9-48AD-9E11-A4B3187E3A55}.Release|Steam.ActiveCfg = Release|Steam
		{4CC54134-ECC9-48AD-9E11-A4B3187E3A55}.Release|Steam.Build.0 = Release|Steam
		{6B568584-6E83-486A-A278-E58271DCD8DA}.Debug|Backup.ActiveCfg = Debug|Backup
		{6B568584-6E83-486A-A278-E58271DCD8DA}.Debug|Backup.Build.0 = Debug|Backup
		{6B568584-6E83-486A-A278-E58271DCD8DA}.Debug|Steam.ActiveCfg = Debug|Steam
		{6B568584-6E83-486A-A278-E58271DCD8DA}.Debug|Steam.Build.0 = Debug|Steam
		{6B568584-6E83-486A-A278-E58271DCD8DA}.Release|Backup.ActiveCfg = Release|Backup
		{6B568584-6E83-486A-A278-E58271DCD8DA}.Release|Backup.Build.0 = Release|Backup
		{6B568584-6E83-486A-A278-E58271DCD8DA}.Release|Steam.ActiveCfg = Release|Steam
		{6B568584-6E83-486A-A278-E58271DCD8DA}.Release|Steam.Build.0 = Release|Steam
		{18F0CD86-A2D9-4E41-9509-95A6685F241C}.Debug|Backup.ActiveCfg = Debug|Backup
		{18F0CD86-A2D9-4E41-9509-95A6685F241C}.Debug|Backup.Build.0 = Debug|Backup
		{18F0CD86-A2D9-4E41-9509-95A6685F241C}.Debug|Steam.ActiveCfg = Debug|Steam
		{18F0CD86-A2D9-4E41-9509-95A6685F241C}.Debug|Steam.Build.0 = Debug|Steam
		{18F0CD86-A2D9-4E41-9509-95A6685F241C}.Release|Backup.ActiveCfg = Release|Backup
		{18F0CD86-A2D9-4E41-9509-95A6685F241C}.Release|Backup.Build.0 = Release|Backup
		{18F0CD86-A2D9-4E41-9509-95A6685F241C}.Release|Steam.ActiveCfg = Release|Steam
		{18F0CD86-A2D9-4E41-9509-95A6685F241C}.Release|Steam.Build.0 = Release|Steam
		{20E68470-1CAA-413F-B69B-551D68D721FF}.Debug|Backup.ActiveCfg = Debug|Backup
		{20E68470-1CAA-413F-B69B-551D68D721FF}.Debug|Backup.Build.0 = Debug|Backup
		{20E68470-1CAA-413F-B69B-551D68D721FF}.Debug|Steam.ActiveCfg = Debug|Steam
		{20E68470-1CAA-413F-B69B-551D68D721FF}.Debug|Steam.Build.0 = Debug|Steam
		{20E68470-1CAA-413F-B69B-551D68D721FF}.Release|Backup.ActiveCfg = Release|Backup
		{20E68470-1CAA-413F-B69B-551D68D721FF}.Release|Backup.Build.0 = Release|Backup
		{20E68470-1CAA-413F-B69B-551D68D721FF}.Release|Steam.ActiveCfg = Release|Steam
		{20E68470-1CAA-413F-B69B-551D68D721FF}.Release|Steam.Build.0 = Release|Steam
		{52BA699E-3223-48A5-8674-009EAF64D745}.Debug|Backup.ActiveCfg = Debug|Backup
		{52BA699E-3223-48A5-8674-009EAF64D745}.Debug|Backup.Build.0 = Debug|Backup
		{52BA699E-3223-48A5-8674-009EAF64D745}.Debug|Steam.ActiveCfg = Debug|Steam
		{52BA699E-3223-48A5-8674-009EAF64D745}.Debug|Steam.Build.0 = Debug|Steam
		{52BA699E-3223-48A5-8674-009EAF64D745}.Release|Backup.ActiveCfg = Release|Backup
		{52BA699E-3223-48A5-8674-009EAF64D745}.Release|Backup.Build.0 = Release|Backup
		{52BA699E-3223-48A5-8674-009EAF64D745}.Release|Steam.ActiveCfg = Release|Steam
		{52BA699E-3223-48A5-8674-009EAF64D745}.Release|Steam.Build.0 = Release|Steam
		{023EA272-2876-4AA8-A58D-9F5C97109201}.Debug|Backup.ActiveCfg = Debug|Backup
		{023EA272-2876-4AA8-A58D-9F5C97109201}.Debug|Backup.Build.0 = Debug|Backup
		{023EA272-2876-4AA8-A58D-9F5C97109201}.Debug|Steam.ActiveCfg = Debug|Steam
		{023EA272-2876-4AA8-A58D-9F5C97109201}.Debug|Steam.Build.0 = Debug|Steam
		{023EA272-2876-4AA8-A58D-9F5C97109201}.Release|Backup.ActiveCfg = Release|Backup
		{023EA272-2876-4AA8-A58D-9F5C97109201}.Release|Backup.Build.0 = Release|Backup
		{023EA272-2876-4AA8-A58D-9F5C97109201}.Release|Steam.ActiveCfg = Release|Steam
		{023EA272-2876-4AA8-A58D-9F5C97109201}.Release|Steam.Build.0 = Release|Steam
		{CAD7AFEB-4A67-43BF-8A12-83236BBB719F}.Debug|Backup.ActiveCfg = Debug|Backup
		{CAD7AFEB-4A67-43BF-8A12-83236BBB719F}.Debug|Backup.Build.0 = Debug|Backup
		{CAD7AFEB-4A67-43BF-8A12-83236BBB719F}.Debug|Steam.ActiveCfg = Debug|Steam
		{CAD7AFEB-4A67-43BF-8A12-83236BBB719F}.Debug|Steam.Build.0 = Debug|Steam
		{CAD7AFEB-4A67-43BF-8A12-83236BBB719F}.Release|Backup.ActiveCfg = Release|Backup
		{CAD7AFEB-4A67-43BF-8A12-83236BBB719F}.Release|Backup.Build.0 = Release|Backup
		{CAD7AFEB-4A67-43BF-8A12-83236BBB719F}.Release|Steam.ActiveCfg = Release|Steam
		{CAD7AFEB-4A67-43BF-8A12-83236BBB719F}.Release|Steam.Build.0 = Release|Steam
		{D2F24263-EDE5-4FE4-BF79-AE6AA84ED46C}.Debug|Backup.ActiveCfg = Debug|Backup
		{D2F24263-EDE5-4FE4-BF79-AE6AA84ED46C}.Debug|Backup.Build.0 = Debug|Backup
		{D2F24263-EDE5-4FE4-BF79-AE6AA84ED46C}.Debug|Steam.ActiveCfg = Debug|Steam
		{D2F24263-EDE5-4FE4-BF79-AE6AA84ED46C}.Debug|Steam.Build.0 = Debug|Steam
		{D2F24263-EDE5-4FE4-BF79-AE6AA84ED46C}.Release|Backup.ActiveCfg = Release|Backup
		{D2F24263-EDE5-4FE4-BF79-AE6AA84ED46C}.Release|Backup.Build.0 = Release|Backup
		{D2F24263-EDE5-4FE4-BF79-AE6AA84ED46C}.Release|Steam.ActiveCfg = Release|Steam
		{D2F24263-EDE5-4FE4-BF79-AE6AA84ED46C}.Release|Steam.Build.0 = Release|Steam
		{04FB6DB1-8A5D-4540-B0B1-4809523DA53A}.Debug|Backup.ActiveCfg = Debug|Backup
		{04FB6DB1-8A5D-4540-B0B1-4809523DA53A}.Debug|Backup.Build.0 = Debug|Backup
		{04FB6DB1-8A5D-4540-B0B1-4809523DA53A}.Debug|Steam.ActiveCfg = Debug|Steam
		{04FB6DB1-8A5D-4540-B0B1-4809523DA53A}.Debug|Steam.Build.0 = Debug|Steam
		{04FB6DB1-8A5D-4540-B0B1-4809523DA53A}.Release|Backup.ActiveCfg = Release|Backup
		{04FB6DB1-8A5D-4540-B0B1-4809523DA53A}.Release|Backup.Build.0 = Release|Backup
		{04FB6DB1-8A5D-4540-B0B1-4809523DA53A}.Release|Steam.ActiveCfg = Release|Steam
		{04FB6DB1-8A5D-4540-B0B1-4809523DA53A}.Release|Steam.Build.0 = Release|Steam
		{D6DF0AF3-27D7-4745-A30F-21F3FB707D4C}.Debug|Backup.ActiveCfg = Debug|Backup
		{D6DF0AF3-27D7-4745-A30F-21F3FB707D4C}.Debug|Backup.Build.0 = Debug|Backup
		{D6DF0AF3-27D7-4745-A30F-21F3FB707D4C}.Debug|Steam.ActiveCfg = Debug|Steam
		{D6DF0AF3-27D7-4745-A30F-21F3FB707D4C}.Debug|Steam.Build.0 = Debug|Steam
		{D6DF0AF3-27D7-4745-A30F-21F3FB707D4C}.Release|Backup.ActiveCfg = Release|Backup
		{D6DF0AF3-27D7-4745-A30F-21F3FB707D4C}.Release|Backup.Build.0 = Release|Backup
		{D6DF0AF3-27D7-4745-A30F-21F3FB707D4C}.Release|Steam.ActiveCfg = Release|Steam
		{D6DF0AF3-27D7-4745-A30F-21F3FB707D4C}.Release|Steam.Build.0 = Release|Steam
		{66FFC1AB-8518-49EB-B485-D8A40888A0D8}.Debug|Backup.ActiveCfg = Debug|Backup
		{66FFC1AB-8518-49EB-B485-D8A40888A0D8}.Debug|Backup.Build.0 = Debug|Backup
		{66FFC1AB-8518-49EB-B485-D8A40888A0D8}.Debug|Steam.ActiveCfg = Debug|Steam
		{66FFC1AB-8518-49EB-B485-D8A40888A0D8}.Debug|Steam.Build.0 = Debug|Steam
		{66FFC1AB-8518-49EB-B485-D8A40888A0D8}.Release|Backup.ActiveCfg = Release|Backup
		{66FFC1AB-8518-49EB-B485-D8A40888A0D8}.Release|Backup.Build.0 = Release|Backup
		{66FFC1AB-8518-49EB-B485-D8A40888A0D8}.Release|Steam.ActiveCfg = Release|Steam
		{66FFC1AB-8518-49EB-B485-D8A40888A0D8}.Release|Steam.Build.0 = Release|Steam
		{19EF2AF6-C054-4642-9405-0B3AD822F769}.Debug|Backup.ActiveCfg = Debug|Backup
		{19EF2AF6-C054-4642-9405-0B3AD822F769}.Debug|Backup.Build.0 = Debug|Backup
		{19EF2AF6-C054-4642-9405-0B3AD822F769}.Debug|Steam.ActiveCfg = Debug|Steam
		{19EF2AF6-C054-4642-9405-0B3AD822F769}.Debug|Steam.Build.0 = Debug|Steam
		{19EF2AF6-C054-4642-9405-0B3AD822F769}.Release|Backup.ActiveCfg = Release|Backup
		{19EF2AF6-C054-4642-9405-0B3AD822F769}.Release|Backup.Build.0 = Release|Backup
		{19EF2AF6-C054-4642-9405-0B3AD822F769}.Release|Steam.ActiveCfg = Release|Steam
		{19EF2AF6-C054-4642-9405-0B3AD822F769}.Release|Steam.Build.0 = Release|Steam
		{816BC299-3C70-4E4E-8A2F-F6CE598ADB6E}.Debug|Backup.ActiveCfg = Debug|Backup
		{816BC299-3C70-4E4E-8A2F-F6CE598ADB6E}.Debug|Backup.Build.0 = Debug|Backup
		{816BC299-3C70-4E4E-8A2F-F6CE598ADB6E}.Debug|Steam.ActiveCfg = Debug|Steam
		{816BC299-3C70-4E4E-8A2F-F6CE598ADB6E}.Debug|Steam.Build.0 = Debug|Steam
		{816BC299-3C70-4E4E-8A2F-F6CE598ADB6E}.Release|Backup.ActiveCfg = Release|Backup
		{816BC299-3C70-4E4E-8A2F-F6CE598ADB6E}.Release|Backup.Build.0 = Release|Backup
		{816BC299-3C70-4E4E-8A2F-F6CE598ADB6E}.Release|Steam.ActiveCfg = Release|Steam
		{816BC299-3C70-4E4E-8A2F-F6CE598ADB6E}.Release|Steam.Build.0 = Release|Steam
		{DA7CDB0A-612B-4996-82CF-2ADDD334C65D}.Debug|Backup.ActiveCfg = Debug|Backup
		{DA7CDB0A-612B-4996-82CF-2ADDD334C65D}.Debug|Backup.Build.0 = Debug|Backup
		{DA7CDB0A-612B-4996-82CF-2ADDD334C65D}.Debug|Steam.ActiveCfg = Debug|Steam
		{DA7CDB0A-612B-4996-82CF-2ADDD334C65D}.Debug|Steam.Build.0 = Debug|Steam
		{DA7CDB0A-612B-4996-82CF-2ADDD334C65D}.Release|Backup.ActiveCfg = Release|Backup
		{DA7CDB0A-612B-4996-82CF-2ADDD334C65D}.Release|Backup.Build.0 = Release|Backup
		{DA7CDB0A-612B-4996-82CF-2ADDD334C65D}.Release|Steam.ActiveCfg = Release|Steam
		{DA7CDB0A-612B-4996-82CF-2ADDD334C65D}.Release|Steam.Build.0 = Release|Steam
		{98A2F2D4-013C-46C3-8103-A9B745F53067}.Debug|Backup.ActiveCfg = Debug|Backup
		{98A2F2D4-013C-46C3-8103-A9B745F53067}.Debug|Backup.Build.0 = Debug|Backup
		{98A2F2D4-013C-46C3-8103-A9B745F53067}.Debug|Steam.ActiveCfg = Debug|Steam
		{98A2F2D4-013C-46C3-8103-A9B745F53067}.Debug|Steam.Build.0 = Debug|Steam
		{98A2F2D4-013C-46C3-8103-A9B745F53067}.Release|Backup.ActiveCfg = Release|Backup
		{98A2F2D4-013C-46C3-8103-A9B745F53067}.Release|Backup.Build.0 = Release|Backup
		{98A2F2D4-013C-46C3-8103-A9B745F53067}.Release|Steam.ActiveCfg = Release|Steam
		{98A2F2D4-013C-46C3-8103-A9B745F53067}.Release|Steam.Build.0 = Release|Steam
		{99502226-3187-4B58-8FC4-76D6D3C2852A}.Debug|Backup.ActiveCfg = Debug|Backup
		{99502226-3187-4B58-8FC4-76D6D3C2852A}.Debug|Backup.Build.0 = Debug|Backup
		{99502226-3187-4B58-8FC4-76D6D3C2852A}.Debug|Steam.ActiveCfg = Debug|Steam
		{99502226-3187-4B58-8FC4-76D6D3C2852A}.Debug|Steam.Build.0 = Debug|Steam
		{99502226-3187-4B58-8FC4-76D6D3C2852A}.Release|Backup.ActiveCfg = Release|Backup
		{99502226-3187-4B58-8FC4-76D6D3C2852A}.Release|Backup.Build.0 = Release|Backup
		{99502226-3187-4B58-8FC4-76D6D3C2852A}.Release|Steam.ActiveCfg = Release|Steam
		{99502226-3187-4B58-8FC4-76D6D3C2852A}.Release|Steam.Build.0 = Release|Steam
		{6A7810B6-49C7-4AEC-B970-D8D38FAF64CC}.Debug|Backup.ActiveCfg = Debug|Backup
		{6A7810B6-49C7-4AEC-B970-D8D38FAF64CC}.Debug|Backup.Build.0 = Debug|Backup
		{6A7810B6-49C7-4AEC-B970-D8D38FAF64CC}.Debug|Steam.ActiveCfg = Debug|Steam
		{6A7810B6-49C7-4AEC-B970-D8D38FAF64CC}.Debug|Steam.Build.0 = Debug|Steam
		{6A7810B6-49C7-4AEC-B970-D8D38FAF64CC}.Release|Backup.ActiveCfg = Release|Backup
		{6A7810B6-49C7-4AEC-B970-D8D38FAF64CC}.Release|Backup.Build.0 = Release|Backup
		{6A7810B6-49C7-4AEC-B970-D8D38FAF64CC}.Release|Steam.ActiveCfg = Release|Steam
		{6A7810B6-49C7-4AEC-B970-D8D38FAF64CC}.Release|Steam.Build.0 = Release|Steam
		{DE6E8577-3795-4881-A825-33D19E835727}.Debug|Backup.ActiveCfg = Debug|Backup
		{DE6E8577-3795-4881-A825-33D19E835727}.Debug|Backup.Build.0 = Debug|Backup
		{DE6E8577-3795-4881-A825-33D19E835727}.Debug|Steam.ActiveCfg = Debug|Steam
		{DE6E8577-3795-4881-A825-33D19E835727}.Debug|Steam.Build.0 = Debug|Steam
		{DE6E8577-3795-4881-A825-33D19E835727}.Release|Backup.ActiveCfg = Release|Backup
		{DE6E8577-3795-4881-A825-33D19E835727}.Release|Backup.Build.0 = Release|Backup
		{DE6E8577-3795-4881-A825-33D19E835727}.Release|Steam.ActiveCfg = Release|Steam
		{DE6E8577-3795-4881-A825-33D19E835727}.Release|Steam.Build.0 = Release|Steam
		{84650BA3-870A-413A-84BD-789BB1FBA62B}.Debug|Backup.ActiveCfg = Debug|Backup
		{84650BA3-870A-413A-84BD-789BB1FBA62B}.Debug|Backup.Build.0 = Debug|Backup
		{84650BA3-870A-413A-84BD-789BB1FBA62B}.Debug|Steam.ActiveCfg = Debug|Steam
		{84650BA3-870A-413A-84BD-789BB1FBA62B}.Debug|Steam.Build.0 = Debug|Steam
		{84650BA3-870A-413A-84BD-789BB1FBA62B}.Release|Backup.ActiveCfg = Release|Backup
		{84650BA3-870A-413A-84BD-789BB1FBA62B}.Release|Backup.Build.0 = Release|Backup
		{84650BA3-870A-413A-84BD-789BB1FBA62B}.Release|Steam.ActiveCfg = Release|Steam
		{84650BA3-870A-413A-84BD-789BB1FBA62B}.Release|Steam.Build.0 = Release|Steam
		{959FC97F-3BC6-49A2-8BEA-A03951A52C5F}.Debug|Backup.ActiveCfg = Debug|Backup
		{959FC97F-3BC6-49A2-8BEA-A03951A52C5F}.Debug|Backup.Build.0 = Debug|Backup
		{959FC97F-3BC6-49A2-8BEA-A03951A52C5F}.Debug|Steam.ActiveCfg = Debug|Steam
		{959FC97F-3BC6-49A2-8BEA-A03951A52C5F}.Debug|Steam.Build.0 = Debug|Steam
		{959FC97F-3BC6-49A2-8BEA-A03951A52C5F}.Release|Backup.ActiveCfg = Release|Backup
		{959FC97F-3BC6-49A2-8BEA-A03951A52C5F}.Release|Backup.Build.0 = Release|Backup
		{959FC97F-3BC6-49A2-8BEA-A03951A52C5F}.Release|Steam.ActiveCfg = Release|Steam
		{959FC97F-3BC6-49A2-8BEA-A03951A52C5F}.Release|Steam.Build.0 = Release|Steam
		{2D7FC51B-45C7-40ED-9233-D7089DD17B49}.Debug|Backup.ActiveCfg = Debug|Backup
		{2D7FC51B-45C7-40ED-9233-D7089DD17B49}.Debug|Backup.Build.0 = Debug|Backup
		{2D7FC51B-45C7-40ED-9233-D7089DD17B49}.Debug|Steam.ActiveCfg = Debug|Steam
		{2D7FC51B-45C7-40ED-9233-D7089DD17B49}.Debug|Steam.Build.0 = Debug|Steam
		{2D7FC51B-45C7-40ED-9233-D7089DD17B49}.Release|Backup.ActiveCfg = Release|Backup
		{2D7FC51B-45C7-40ED-9233-D7089DD17B49}.Release|Backup.Build.0 = Release|Backup
		{2D7FC51B-45C7-40ED-9233-D7089DD17B49}.Release|Steam.ActiveCfg = Release|Steam
		{2D7FC51B-45C7-40ED-9233-D7089DD17B49}.Release|Steam.Build.0 = Release|Steam
		{EE935859-2390-46E6-85C4-59CA917A3FF7}.Debug|Backup.ActiveCfg = Debug|Backup
		{EE935859-2390-46E6-85C4-59CA917A3FF7}.Debug|Backup.Build.0 = Debug|Backup
		{EE935859-2390-46E6-85C4-59CA917A3FF7}.Debug|Steam.ActiveCfg = Debug|Steam
		{EE935859-2390-46E6-85C4-59CA917A3FF7}.Debug|Steam.Build.0 = Debug|Steam
		{EE935859-2390-46E6-85C4-59CA917A3FF7}.Release|Backup.ActiveCfg = Release|Backup
		{EE935859-2390-46E6-85C4-59CA917A3FF7}.Release|Backup.Build.0 = Release|Backup
		{EE935859-2390-46E6-85C4-59CA917A3FF7}.Release|Steam.ActiveCfg = Release|Steam
		{EE935859-2390-46E6-85C4-59CA917A3FF7}.Release|Steam.Build.0 = Release|Steam
		{3E69CE22-BD50-4FF6-896D-096B4F7C7F57}.Debug|Backup.ActiveCfg = Debug|Backup
		{3E69CE22-BD50-4FF6-896D-096B4F7C7F57}.Debug|Backup.Build.0 = Debug|Backup
		{3E69CE22-BD50-4FF6-896D-096B4F7C7F57}.Debug|Steam.ActiveCfg = Debug|Steam
		{3E69CE22-BD50-4FF6-896D-096B4F7C7F57}.Debug|Steam.Build.0 = Debug|Steam
		{3E69CE22-BD50-4FF6-896D-096B4F7C7F57}.Release|Backup.ActiveCfg = Release|Backup
		{3E69CE22-BD50-4FF6-896D-096B4F7C7F57}.Release|Backup.Build.0 = Release|Backup
		{3E69CE22-BD50-4FF6-896D-096B4F7C7F57}.Release|Steam.ActiveCfg = Release|Steam
		{3E69CE22-BD50-4FF6-896D-096B4F7C7F57}.Release|Steam.Build.0 = Release|Steam
		{BBB31FE8-442A-40BE-88D7-91C4B69292BC}.Debug|Backup.ActiveCfg = Debug|Backup
		{BBB31FE8-442A-40BE-88D7-91C4B69292BC}.Debug|Backup.Build.0 = Debug|Backup
		{BBB31FE8-442A-40BE-88D7-91C4B69292BC}.Debug|Steam.ActiveCfg = Debug|Steam
		{BBB31FE8-442A-40BE-88D7-91C4B69292BC}.Debug|Steam.Build.0 = Debug|Steam
		{BBB31FE8-442A-40BE-88D7-91C4B69292BC}.Release|Backup.ActiveCfg = Release|Backup
		{BBB31FE8-442A-40BE-88D7-91C4B69292BC}.Release|Backup.Build.0 = Release|Backup
		{BBB31FE8-442A-40BE-88D7-91C4B69292BC}.Release|Steam.ActiveCfg = Release|Steam
		{BBB31FE8-442A-40BE-88D7-91C4B69292BC}.Release|Steam.Build.0 = Release|Steam
		{F642BB0C-ACAA-4217-9978-806C4773FC6D}.Debug|Backup.ActiveCfg = Debug|Backup
		{F642BB0C-ACAA-4217-9978-806C4773FC6D}.Debug|Backup.Build.0 = Debug|Backup
		{F642BB0C-ACAA-4217-9978-806C4773FC6D}.Debug|Steam.ActiveCfg = Debug|Steam
		{F642BB0C-ACAA-4217-9978-806C4773FC6D}.Debug|Steam.Build.0 = Debug|Steam
		{F642BB0C-ACAA-4217-9978-806C4773FC6D}.Release|Backup.ActiveCfg = Release|Backup
		{F642BB0C-ACAA-4217-9978-806C4773FC6D}.Release|Backup.Build.0 = Release|Backup
		{F642BB0C-ACAA-4217-9978-806C4773FC6D}.Release|Steam.ActiveCfg = Release|Steam
		{F642BB0C-ACAA-4217-9978-806C4773FC6D}.Release|Steam.Build.0 = Release|Steam
		{975AB9CB-535B-41EC-9D82-58B923248765}.Debug|Backup.ActiveCfg = Debug|Backup
		{975AB9CB-535B-41EC-9D82-58B923248765}.Debug|Backup.Build.0 = Debug|Backup
		{975AB9CB-535B-41EC-9D82-58B923248765}.Debug|Steam.ActiveCfg = Debug|Steam
		{975AB9CB-535B-41EC-9D82-58B923248765}.Debug|Steam.Build.0 = Debug|Steam
		{975AB9CB-535B-41EC-9D82-58B923248765}.Release|Backup.ActiveCfg = Release|Backup
		{975AB9CB-535B-41EC-9D82-58B923248765}.Release|Backup.Build.0 = Release|Backup
		{975AB9CB-535B-41EC-9D82-58B923248765}.Release|Steam.ActiveCfg = Release|Steam
		{975AB9CB-535B-41EC-9D82-58B923248765}.Release|Steam.Build.0 = Release|Steam
		{F77D9FA9-32B4-4DA2-B5A7-3E6570823AEB}.Debug|Backup.ActiveCfg = Debug|Backup
		{F77D9FA9-32B4-4DA2-B5A7-3E6570823AEB}.Debug|Backup.Build.0 = Debug|Backup
		{F77D9FA9-32B4-4DA2-B5A7-3E6570823AEB}.Debug|Steam.ActiveCfg = Debug|Steam
		{F77D9FA9-32B4-4DA2-B5A7-3E6570823AEB}.Debug|Steam.Build.0 = Debug|Steam
		{F77D9FA9-32B4-4DA2-B5A7-3E6570823AEB}.Release|Backup.ActiveCfg = Release|Backup
		{F77D9FA9-32B4-4DA2-B5A7-3E6570823AEB}.Release|Backup.Build.0 = Release|Backup
		{F77D9FA9-32B4-4DA2-B5A7-3E6570823AEB}.Release|Steam.ActiveCfg = Release|Steam
		{F77D9FA9-32B4-4DA2-B5A7-3E6570823AEB}.Release|Steam.Build.0 = Release|Steam
		{0B2E1D4B-6968-404D-898A-2698037F5239}.Debug|Backup.ActiveCfg = Debug|Backup
		{0B2E1D4B-6968-404D-898A-2698037F5239}.Debug|Backup.Build.0 = Debug|Backup
		{0B2E1D4B-6968-404D-898A-2698037F5239}.Debug|Steam.ActiveCfg = Debug|Steam
		{0B2E1D4B-6968-404D-898A-2698037F5239}.Debug|Steam.Build.0 = Debug|Steam
		{0B2E1D4B-6968-404D-898A-2698037F5239}.Release|Backup.ActiveCfg = Release|Backup
		{0B2E1D4B-6968-404D-898A-2698037F5239}.Release|Backup.Build.0 = Release|Backup
		{0B2E1D4B-6968-404D-898A-2698037F5239}.Release|Steam.ActiveCfg = Release|Steam
		{0B2E1D4B-6968-404D-898A-2698037F5239}.Release|Steam.Build.0 = Release|Steam
		{200E4B4A-037C-4979-9030-25466658E226}.Debug|Backup.ActiveCfg = Debug|Backup
		{200E4B4A-037C-4979-9030-25466658E226}.Debug|Backup.Build.0 = Debug|Backup
		{200E4B4A-037C-4979-9030-25466658E226}.Debug|Steam.ActiveCfg = Debug|Steam
		{200E4B4A-037C-4979-9030-25466658E226}.Debug|Steam.Build.0 = Debug|Steam
		{200E4B4A-037C-4979-9030-25466658E226}.Release|Backup.ActiveCfg = Release|Backup
		{200E4B4A-037C-4979-9030-25466658E226}.Release|Backup.Build.0 = Release|Backup
		{200E4B4A-037C-4979-9030-25466658E226}.Release|Steam.ActiveCfg = Release|Steam
		{200E4B4A-037C-4979-9030-25466658E226}.Release|Steam.Build.0 = Release|Steam
		{1F0C835B-653C-4BAA-BAD0-A1D551D9D972}.Debug|Backup.ActiveCfg = Debug|Backup
		{1F0C835B-653C-4BAA-BAD0-A1D551D9D972}.Debug|Backup.Build.0 = Debug|Backup
		{1F0C835B-653C-4BAA-BAD0-A1D551D9D972}.Debug|Steam.ActiveCfg = Debug|Steam
		{1F0C835B-653C-4BAA-BAD0-A1D551D9D972}.Debug|Steam.Build.0 = Debug|Steam
		{1F0C835B-653C-4BAA-BAD0-A1D551D9D972}.Release|Backup.ActiveCfg = Release|Backup
		{1F0C835B-653C-4BAA-BAD0-A1D551D9D972}.Release|Backup.Build.0 = Release|Backup
		{1F0C835B-653C-4BAA-BAD0-A1D551D9D972}.Release|Steam.ActiveCfg = Release|Steam
		{1F0C835B-653C-4BAA-BAD0-A1D551D9D972}.Release|Steam.Build.0 = Release|Steam
		{A064BEFB-E7EA-4294-81AE-E30B326F5AC2}.Debug|Backup.ActiveCfg = Debug|Backup
		{A064BEFB-E7EA-4294-81AE-E30B326F5AC2}.Debug|Backup.Build.0 = Debug|Backup
		{A064BEFB-E7EA-4294-81AE-E30B326F5AC2}.Debug|Steam.ActiveCfg = Debug|Steam
		{A064BEFB-E7EA-4294-81AE-E30B326F5AC2}.Debug|Steam.Build.0 = Debug|Steam
		{A064BEFB-E7EA-4294-81AE-E30B326F5AC2}.Release|Backup.ActiveCfg = Release|Backup
		{A064BEFB-E7EA-4294-81AE-E30B326F5AC2}.Release|Backup.Build.0 = Release|Backup
		{A064BEFB-E7EA-4294-81AE-E30B326F5AC2}.Release|Steam.ActiveCfg = Release|Steam
		{A064BEFB-E7EA-4294-81AE-E30B326F5AC2}.Release|Steam.Build.0 = Release|Steam
		{0F48DDC4-869F-444D-92DD-B2939F5129D4}.Debug|Backup.ActiveCfg = Debug|Backup
		{0F48DDC4-869F-444D-92DD-B2939F5129D4}.Debug|Backup.Build.0 = Debug|Backup
		{0F48DDC4-869F-444D-92DD-B2939F5129D4}.Debug|Steam.ActiveCfg = Debug|Steam
		{0F48DDC4-869F-444D-92DD-B2939F5129D4}.Debug|Steam.Build.0 = Debug|Steam
		{0F48DDC4-869F-444D-92DD-B2939F5129D4}.Release|Backup.ActiveCfg = Release|Backup
		{0F48DDC4-869F-444D-92DD-B2939F5129D4}.Release|Backup.Build.0 = Release|Backup
		{0F48DDC4-869F-444D-92DD-B2939F5129D4}.Release|Steam.ActiveCfg = Release|Steam
		{0F48DDC4-869F-444D-92DD-B2939F5129D4}.Release|Steam.Build.0 = Release|Steam
		{504A094E-1FF0-4173-B234-4968F90382CC}.Debug|Backup.ActiveCfg = Debug|Backup
		{504A094E-1FF0-4173-B234-4968F90382CC}.Debug|Backup.Build.0 = Debug|Backup
		{504A094E-1FF0-4173-B234-4968F90382CC}.Debug|Steam.ActiveCfg = Debug|Steam
		{504A094E-1FF0-4173-B234-4968F90382CC}.Debug|Steam.Build.0 = Debug|Steam
		{504A094E-1FF0-4173-B234-4968F90382CC}.Release|Backup.ActiveCfg = Release|Backup
		{504A094E-1FF0-4173-B234-4968F90382CC}.Release|Backup.Build.0 = Release|Backup
		{504A094E-1FF0-4173-B234-4968F90382CC}.Release|Steam.ActiveCfg = Release|Steam
		{504A094E-1FF0-4173-B234-4968F90382CC}.Release|Steam.Build.0 = Release|Steam
		{5FCF22FC-5DE5-4389-BB95-7ED458BCEC28}.Debug|Backup.ActiveCfg = Debug|Backup
		{5FCF22FC-5DE5-4389-BB95-7ED458BCEC28}.Debug|Backup.Build.0 = Debug|Backup
		{5FCF22FC-5DE5-4389-BB95-7ED458BCEC28}.Debug|Steam.ActiveCfg = Debug|Steam
		{5FCF22FC-5DE5-4389-BB95-7ED458BCEC28}.Debug|Steam.Build.0 = Debug|Steam
		{5FCF22FC-5DE5-4389-BB95-7ED458BCEC28}.Release|Backup.ActiveCfg = Release|Backup
		{5FCF22FC-5DE5-4389-BB95-7ED458BCEC28}.Release|Backup.Build.0 = Release|Backup
		{5FCF22FC-5DE5-4389-BB95-7ED458BCEC28}.Release|Steam.ActiveCfg = Release|Steam
		{5FCF22FC-5DE5-4389-BB95-7ED458BCEC28}.Release|Steam.Build.0 = Release|Steam
	EndGlobalSection
	GlobalSection(SolutionProperties) = preSolution
		HideSolutionNode = FALSE
	EndGlobalSection
	GlobalSection(ExtensibilityGlobals) = postSolution
		SolutionGuid = {A9AF77B7-A9D8-4064-B1C4-0A424919BB45}
	EndGlobalSection
EndGlobal
